{
  "version": 4,
  "terraform_version": "1.1.2",
  "serial": 12,
  "lineage": "175903b1-e062-08ab-c509-3c7ccd598e1d",
  "outputs": {},
  "resources": [
    {
      "mode": "managed",
      "type": "azurerm_network_interface",
      "name": "myvmnic",
      "provider": "provider[\"registry.terraform.io/hashicorp/azurerm\"]",
      "instances": [
        {
          "schema_version": 0,
          "attributes": {
            "applied_dns_servers": [],
            "dns_servers": [],
            "enable_accelerated_networking": false,
            "enable_ip_forwarding": false,
            "id": "/subscriptions/4477db70-a73b-4972-93d8-5feaed9f53b2/resourceGroups/ajithrg-1/providers/Microsoft.Network/networkInterfaces/vmnic-1",
            "internal_dns_name_label": "",
            "internal_domain_name_suffix": "huuu22hfix5ejoi11djfsyfxad.bx.internal.cloudapp.net",
            "ip_configuration": [
              {
                "gateway_load_balancer_frontend_ip_configuration_id": "",
                "name": "internal",
                "primary": true,
                "private_ip_address": "10.0.1.4",
                "private_ip_address_allocation": "Dynamic",
                "private_ip_address_version": "IPv4",
                "public_ip_address_id": "/subscriptions/4477db70-a73b-4972-93d8-5feaed9f53b2/resourceGroups/ajithrg-1/providers/Microsoft.Network/publicIPAddresses/mypublicip-1",
                "subnet_id": "/subscriptions/4477db70-a73b-4972-93d8-5feaed9f53b2/resourceGroups/ajithrg-1/providers/Microsoft.Network/virtualNetworks/myvnet-1/subnets/mysubnet-1"
              }
            ],
            "location": "eastus",
            "mac_address": "",
            "name": "vmnic-1",
            "private_ip_address": "10.0.1.4",
            "private_ip_addresses": [
              "10.0.1.4"
            ],
            "resource_group_name": "ajithrg-1",
            "tags": {},
            "timeouts": null,
            "virtual_machine_id": ""
          },
          "sensitive_attributes": [],
          "private": "eyJlMmJmYjczMC1lY2FhLTExZTYtOGY4OC0zNDM2M2JjN2M0YzAiOnsiY3JlYXRlIjoxODAwMDAwMDAwMDAwLCJkZWxldGUiOjE4MDAwMDAwMDAwMDAsInJlYWQiOjMwMDAwMDAwMDAwMCwidXBkYXRlIjoxODAwMDAwMDAwMDAwfX0=",
          "dependencies": [
            "azurerm_public_ip.mypublicip",
            "azurerm_resource_group.ajithrg1",
            "azurerm_subnet.mysubnet",
            "azurerm_virtual_network.myvnet"
          ]
        }
      ]
    },
    {
      "mode": "managed",
      "type": "azurerm_public_ip",
      "name": "mypublicip",
      "provider": "provider[\"registry.terraform.io/hashicorp/azurerm\"]",
      "instances": [
        {
          "schema_version": 0,
          "attributes": {
            "allocation_method": "Static",
            "availability_zone": "No-Zone",
            "domain_name_label": null,
            "fqdn": null,
            "id": "/subscriptions/4477db70-a73b-4972-93d8-5feaed9f53b2/resourceGroups/ajithrg-1/providers/Microsoft.Network/publicIPAddresses/mypublicip-1",
            "idle_timeout_in_minutes": 4,
            "ip_address": "20.119.52.221",
            "ip_tags": {},
            "ip_version": "IPv4",
            "location": "eastus",
            "name": "mypublicip-1",
            "public_ip_prefix_id": null,
            "resource_group_name": "ajithrg-1",
            "reverse_fqdn": null,
            "sku": "Basic",
            "sku_tier": "Regional",
            "tags": {
              "environment": "Dev"
            },
            "timeouts": null,
            "zones": []
          },
          "sensitive_attributes": [],
          "private": "eyJlMmJmYjczMC1lY2FhLTExZTYtOGY4OC0zNDM2M2JjN2M0YzAiOnsiY3JlYXRlIjoxODAwMDAwMDAwMDAwLCJkZWxldGUiOjE4MDAwMDAwMDAwMDAsInJlYWQiOjMwMDAwMDAwMDAwMCwidXBkYXRlIjoxODAwMDAwMDAwMDAwfX0=",
          "dependencies": [
            "azurerm_resource_group.ajithrg1"
          ]
        }
      ]
    },
    {
      "mode": "managed",
      "type": "azurerm_resource_group",
      "name": "ajithrg1",
      "provider": "provider[\"registry.terraform.io/hashicorp/azurerm\"]",
      "instances": [
        {
          "schema_version": 0,
          "attributes": {
            "id": "/subscriptions/4477db70-a73b-4972-93d8-5feaed9f53b2/resourceGroups/ajithrg-1",
            "location": "eastus",
            "name": "ajithrg-1",
            "tags": {},
            "timeouts": null
          },
          "sensitive_attributes": [],
          "private": "eyJlMmJmYjczMC1lY2FhLTExZTYtOGY4OC0zNDM2M2JjN2M0YzAiOnsiY3JlYXRlIjo1NDAwMDAwMDAwMDAwLCJkZWxldGUiOjU0MDAwMDAwMDAwMDAsInJlYWQiOjMwMDAwMDAwMDAwMCwidXBkYXRlIjo1NDAwMDAwMDAwMDAwfX0="
        }
      ]
    },
    {
      "mode": "managed",
      "type": "azurerm_subnet",
      "name": "mysubnet",
      "provider": "provider[\"registry.terraform.io/hashicorp/azurerm\"]",
      "instances": [
        {
          "schema_version": 0,
          "attributes": {
            "address_prefix": "10.0.1.0/24",
            "address_prefixes": [
              "10.0.1.0/24"
            ],
            "delegation": [],
            "enforce_private_link_endpoint_network_policies": false,
            "enforce_private_link_service_network_policies": false,
            "id": "/subscriptions/4477db70-a73b-4972-93d8-5feaed9f53b2/resourceGroups/ajithrg-1/providers/Microsoft.Network/virtualNetworks/myvnet-1/subnets/mysubnet-1",
            "name": "mysubnet-1",
            "resource_group_name": "ajithrg-1",
            "service_endpoint_policy_ids": [],
            "service_endpoints": [],
            "timeouts": null,
            "virtual_network_name": "myvnet-1"
          },
          "sensitive_attributes": [],
          "private": "eyJlMmJmYjczMC1lY2FhLTExZTYtOGY4OC0zNDM2M2JjN2M0YzAiOnsiY3JlYXRlIjoxODAwMDAwMDAwMDAwLCJkZWxldGUiOjE4MDAwMDAwMDAwMDAsInJlYWQiOjMwMDAwMDAwMDAwMCwidXBkYXRlIjoxODAwMDAwMDAwMDAwfX0=",
          "dependencies": [
            "azurerm_resource_group.ajithrg1",
            "azurerm_virtual_network.myvnet"
          ]
        }
      ]
    },
    {
      "mode": "managed",
      "type": "azurerm_virtual_network",
      "name": "myvnet",
      "provider": "provider[\"registry.terraform.io/hashicorp/azurerm\"]",
      "instances": [
        {
          "schema_version": 0,
          "attributes": {
            "address_space": [
              "10.0.0.0/16"
            ],
            "bgp_community": "",
            "ddos_protection_plan": [],
            "dns_servers": [],
            "flow_timeout_in_minutes": 0,
            "guid": "704e293d-45e5-44fe-b91b-d8d25960b703",
            "id": "/subscriptions/4477db70-a73b-4972-93d8-5feaed9f53b2/resourceGroups/ajithrg-1/providers/Microsoft.Network/virtualNetworks/myvnet-1",
            "location": "eastus",
            "name": "myvnet-1",
            "resource_group_name": "ajithrg-1",
            "subnet": [
              {
                "address_prefix": "10.0.1.0/24",
                "id": "/subscriptions/4477db70-a73b-4972-93d8-5feaed9f53b2/resourceGroups/ajithrg-1/providers/Microsoft.Network/virtualNetworks/myvnet-1/subnets/mysubnet-1",
                "name": "mysubnet-1",
                "security_group": ""
              }
            ],
            "tags": {
              "Name": "myvnet-1",
              "environment": "Dev"
            },
            "timeouts": null,
            "vm_protection_enabled": false
          },
          "sensitive_attributes": [],
          "private": "eyJlMmJmYjczMC1lY2FhLTExZTYtOGY4OC0zNDM2M2JjN2M0YzAiOnsiY3JlYXRlIjoxODAwMDAwMDAwMDAwLCJkZWxldGUiOjE4MDAwMDAwMDAwMDAsInJlYWQiOjMwMDAwMDAwMDAwMCwidXBkYXRlIjoxODAwMDAwMDAwMDAwfX0=",
          "dependencies": [
            "azurerm_resource_group.ajithrg1"
          ]
        }
      ]
    }
  ]
}
