{
  "version": 4,
  "terraform_version": "1.0.11",
  "serial": 273,
  "lineage": "659c3ded-2fe0-1a1f-c870-b5e4bcc73f3d",
  "outputs": {
    "virtual_network_id": {
      "value": "/subscriptions/4477db70-a73b-4972-93d8-5feaed9f53b2/resourceGroups/hr-dev-ajithrg-ncwmqd/providers/Microsoft.Network/virtualNetworks/hr-dev-vnet",
      "type": "string"
    },
    "virtual_network_name": {
      "value": "hr-dev-vnet",
      "type": "string"
    },
    "web_linuxvm_network_interface_id": {
      "value": "/subscriptions/4477db70-a73b-4972-93d8-5feaed9f53b2/resourceGroups/hr-dev-ajithrg-ncwmqd/providers/Microsoft.Network/networkInterfaces/hr-dev-web-linuxvm-nic",
      "type": "string"
    },
    "web_linuxvm_network_interface_private_ip_addresses": {
      "value": [
        [
          "10.1.1.4"
        ]
      ],
      "type": [
        "tuple",
        [
          [
            "list",
            "string"
          ]
        ]
      ]
    },
    "web_linuxvm_private_ip_address": {
      "value": "10.1.1.4",
      "type": "string"
    },
    "web_linuxvm_public_ip": {
      "value": "40.76.153.109",
      "type": "string"
    },
    "web_linuxvm_public_ip_address": {
      "value": "40.76.153.109",
      "type": "string"
    },
    "web_linuxvm_virtual_machine_id": {
      "value": "/subscriptions/4477db70-a73b-4972-93d8-5feaed9f53b2/resourceGroups/hr-dev-ajithrg-ncwmqd/providers/Microsoft.Compute/virtualMachines/hr-dev-web-linuxvm",
      "type": "string"
    },
    "web_linuxvm_virtual_machine_id_128bit": {
      "value": "e5de3aa5-0811-477a-bdad-feff2bd4c913",
      "type": "string"
    },
    "web_subnet_ID": {
      "value": "/subscriptions/4477db70-a73b-4972-93d8-5feaed9f53b2/resourceGroups/hr-dev-ajithrg-ncwmqd/providers/Microsoft.Network/virtualNetworks/hr-dev-vnet/subnets/hr-dev-vnet-websubnet",
      "type": "string"
    },
    "web_subnet_name": {
      "value": "hr-dev-vnet-websubnet",
      "type": "string"
    },
    "web_subnet_nsg_id": {
      "value": "/subscriptions/4477db70-a73b-4972-93d8-5feaed9f53b2/resourceGroups/hr-dev-ajithrg-ncwmqd/providers/Microsoft.Network/networkSecurityGroups/hr-dev-vnet-websubnet-nsg",
      "type": "string"
    },
    "web_subnet_nsg_name": {
      "value": "hr-dev-vnet-websubnet-nsg",
      "type": "string"
    }
  },
  "resources": [
    {
      "mode": "managed",
      "type": "azurerm_linux_virtual_machine",
      "name": "web_linuxvm",
      "provider": "provider[\"registry.terraform.io/hashicorp/azurerm\"]",
      "instances": [
        {
          "schema_version": 0,
          "attributes": {
            "additional_capabilities": [],
            "admin_password": null,
            "admin_ssh_key": [
              {
                "public_key": "ssh-rsa AAAAB3NzaC1yc2EAAAADAQABAAACAQCftE8BHtqES8rXxAOL3wKZ/MiYHU7d48kfClAd/uTSLNsIZrh9Deu1R67K1hm8oZARL8zm43Y02G/e5mMNwz6C3lge4s8zFQqENjDPz6glatrpNl2goIm9j58UwdudoMQOWYCH6fSkrB4RohFIP95XzsfDAt2bnqofNHfW7w6n8Qr/WdY5EuvGvRLxQ3lZiaSFBVAQ430LolwYxmdPuX+THPtA7fVg/AbCXiiVkvWKFYdOyRhenK7ReA/Cil2vjyX7EFIlQdcZBaCTypFnUim/TYUk+Htbr2WcKSIPA7zj8U8uVvOIv9Z6CnfaI6+0A76cjn0jKC6bsYPL77Ly2DEfo3siszz501C4GCK025GeAqt7dSXo4r7K7ao7DQk/NDVbFPuXsshXMdPwrilkxfgR0X3OH5aBF4x7iAkgrrTumVWokZlYSG8nHs38S8UOgGrTZXG5Ysp8YanjvnRDBjs/YWu+AiGh3hK0nkmrdMdK99hp2eqcBpn5VNEa671wLEZ/vmSKEebnK0GTR26dWDHm7dEgZ8jF8RMQRlq38UTAYwBRac3S38OlblsemmL6DXkR4Dx3+a1e9VxUDj9Ru18TU+Vjt5ellqgy7Jzoraos6gGgqmhClwcwcKjXBNngYk6dYTnMdyM0qtzBzsQ2IQ8DcgNDfEQ2IzqMCo4YMMxmUQ== azureuser@myserver\r\n",
                "username": "azureuser"
              }
            ],
            "admin_username": "azureuser",
            "allow_extension_operations": true,
            "availability_set_id": "",
            "boot_diagnostics": [],
            "computer_name": "hr-dev-web-linuxvm",
            "custom_data": "IyEvYmluL3NoDQojIS9iaW4vc2gNCiNzdWRvIHl1bSB1cGRhdGUgLXkNCnN1ZG8geXVtIGluc3RhbGwgLXkgaHR0cGQNCnN1ZG8gc3lzdGVtY3RsIGVuYWJsZSBodHRwZA0Kc3VkbyBzeXN0ZW1jdGwgc3RhcnQgaHR0cGQgIA0Kc3VkbyBzeXN0ZW1jdGwgc3RvcCBmaXJld2FsbGQNCnN1ZG8gc3lzdGVtY3RsIGRpc2FibGUgZmlyZXdhbGxkDQpzdWRvIGNobW9kIC1SIDc3NyAvdmFyL3d3dy9odG1sIA0Kc3VkbyBlY2hvICJXZWxjb21lIHRvIEFqaXRoIHRlc3QgLSBXZWJWTSBBcHAxIC0gVk0gSG9zdG5hbWU6ICQoaG9zdG5hbWUpIiA+IC92YXIvd3d3L2h0bWwvaW5kZXguaHRtbA0Kc3VkbyBta2RpciAvdmFyL3d3dy9odG1sL2FwcDENCnN1ZG8gZWNobyAiV2VsY29tZSB0byBBaml0aCB0ZXN0IC0gV2ViVk0gQXBwMSAtIFZNIEhvc3RuYW1lOiAkKGhvc3RuYW1lKSIgPiAvdmFyL3d3dy9odG1sL2FwcDEvaG9zdG5hbWUuaHRtbA0Kc3VkbyBlY2hvICJXZWxjb21lIHRvIEFqaXRoIHRlc3QgLSBXZWJWTSBBcHAxIC0gQXBwIFN0YXR1cyBQYWdlIiA+IC92YXIvd3d3L2h0bWwvYXBwMS9zdGF0dXMuaHRtbA0Kc3VkbyBlY2hvICc8IURPQ1RZUEUgaHRtbD4gPGh0bWw+IDxib2R5IHN0eWxlPSJiYWNrZ3JvdW5kLWNvbG9yOnJnYigyNTAsIDIxMCwgMjEwKTsiPiA8aDE+V2VsY29tZSB0byBBaml0aCB0ZXN0IGNvZGUgLSBXZWJWTSBBUFAtMSA8L2gxPiA8cD5UZXJyYWZvcm0gRGVtbzwvcD4gPHA+QXBwbGljYXRpb24gVmVyc2lvbjogVjE8L3A+IDwvYm9keT48L2h0bWw+JyB8IHN1ZG8gdGVlIC92YXIvd3d3L2h0bWwvYXBwMS9pbmRleC5odG1sDQpzdWRvIGN1cmwgLUggIk1ldGFkYXRhOnRydWUiIC0tbm9wcm94eSAiKiIgImh0dHA6Ly8xNjkuMjU0LjE2OS4yNTQvbWV0YWRhdGEvaW5zdGFuY2U/YXBpLXZlcnNpb249MjAyMC0wOS0wMSIgLW8gL3Zhci93d3cvaHRtbC9hcHAxL21ldGFkYXRhLmh0bWwNCg==",
            "dedicated_host_id": "",
            "disable_password_authentication": true,
            "encryption_at_host_enabled": false,
            "eviction_policy": "",
            "extensions_time_budget": "PT1H30M",
            "id": "/subscriptions/4477db70-a73b-4972-93d8-5feaed9f53b2/resourceGroups/hr-dev-ajithrg-ncwmqd/providers/Microsoft.Compute/virtualMachines/hr-dev-web-linuxvm",
            "identity": [],
            "license_type": "",
            "location": "eastus",
            "max_bid_price": -1,
            "name": "hr-dev-web-linuxvm",
            "network_interface_ids": [
              "/subscriptions/4477db70-a73b-4972-93d8-5feaed9f53b2/resourceGroups/hr-dev-ajithrg-ncwmqd/providers/Microsoft.Network/networkInterfaces/hr-dev-web-linuxvm-nic"
            ],
            "os_disk": [
              {
                "caching": "ReadWrite",
                "diff_disk_settings": [],
                "disk_encryption_set_id": "",
                "disk_size_gb": 64,
                "name": "hr-dev-web-linuxvm_OsDisk_1_ca923dac7eac4e138c567ab9cbdcbf21",
                "storage_account_type": "Standard_LRS",
                "write_accelerator_enabled": false
              }
            ],
            "patch_mode": "ImageDefault",
            "plan": [],
            "platform_fault_domain": -1,
            "priority": "Regular",
            "private_ip_address": "10.1.1.4",
            "private_ip_addresses": [
              "10.1.1.4"
            ],
            "provision_vm_agent": true,
            "proximity_placement_group_id": "",
            "public_ip_address": "40.76.153.109",
            "public_ip_addresses": [
              "40.76.153.109"
            ],
            "resource_group_name": "hr-dev-ajithrg-ncwmqd",
            "secret": [],
            "secure_boot_enabled": false,
            "size": "Standard_DS1_v2",
            "source_image_id": "",
            "source_image_reference": [
              {
                "offer": "RHEL",
                "publisher": "RedHat",
                "sku": "83-gen2",
                "version": "latest"
              }
            ],
            "tags": null,
            "timeouts": null,
            "virtual_machine_id": "e5de3aa5-0811-477a-bdad-feff2bd4c913",
            "virtual_machine_scale_set_id": "",
            "vtpm_enabled": false,
            "zone": ""
          },
          "sensitive_attributes": [],
          "private": "eyJlMmJmYjczMC1lY2FhLTExZTYtOGY4OC0zNDM2M2JjN2M0YzAiOnsiY3JlYXRlIjoyNzAwMDAwMDAwMDAwLCJkZWxldGUiOjI3MDAwMDAwMDAwMDAsInJlYWQiOjMwMDAwMDAwMDAwMCwidXBkYXRlIjoyNzAwMDAwMDAwMDAwfX0=",
          "dependencies": [
            "azurerm_network_interface.web_linuxvm_nic",
            "azurerm_public_ip.web_linuxvm_publicip",
            "azurerm_resource_group.ajithrg1",
            "azurerm_subnet.websubnet",
            "azurerm_virtual_network.vnet",
            "random_string.myrandom"
          ]
        }
      ]
    },
    {
      "mode": "managed",
      "type": "azurerm_network_interface",
      "name": "web_linuxvm_nic",
      "provider": "provider[\"registry.terraform.io/hashicorp/azurerm\"]",
      "instances": [
        {
          "schema_version": 0,
          "attributes": {
            "applied_dns_servers": [],
            "dns_servers": [],
            "enable_accelerated_networking": false,
            "enable_ip_forwarding": false,
            "id": "/subscriptions/4477db70-a73b-4972-93d8-5feaed9f53b2/resourceGroups/hr-dev-ajithrg-ncwmqd/providers/Microsoft.Network/networkInterfaces/hr-dev-web-linuxvm-nic",
            "internal_dns_name_label": "",
            "internal_domain_name_suffix": "1a3ljjdiaaeelghtoyjkli2wig.bx.internal.cloudapp.net",
            "ip_configuration": [
              {
                "gateway_load_balancer_frontend_ip_configuration_id": "",
                "name": "web-linuxvm-ip-1",
                "primary": true,
                "private_ip_address": "10.1.1.4",
                "private_ip_address_allocation": "Dynamic",
                "private_ip_address_version": "IPv4",
                "public_ip_address_id": "/subscriptions/4477db70-a73b-4972-93d8-5feaed9f53b2/resourceGroups/hr-dev-ajithrg-ncwmqd/providers/Microsoft.Network/publicIPAddresses/hr-dev-web-linuxvm-publicip",
                "subnet_id": "/subscriptions/4477db70-a73b-4972-93d8-5feaed9f53b2/resourceGroups/hr-dev-ajithrg-ncwmqd/providers/Microsoft.Network/virtualNetworks/hr-dev-vnet/subnets/hr-dev-vnet-websubnet"
              }
            ],
            "location": "eastus",
            "mac_address": "",
            "name": "hr-dev-web-linuxvm-nic",
            "private_ip_address": "10.1.1.4",
            "private_ip_addresses": [
              "10.1.1.4"
            ],
            "resource_group_name": "hr-dev-ajithrg-ncwmqd",
            "tags": null,
            "timeouts": null,
            "virtual_machine_id": ""
          },
          "sensitive_attributes": [],
          "private": "eyJlMmJmYjczMC1lY2FhLTExZTYtOGY4OC0zNDM2M2JjN2M0YzAiOnsiY3JlYXRlIjoxODAwMDAwMDAwMDAwLCJkZWxldGUiOjE4MDAwMDAwMDAwMDAsInJlYWQiOjMwMDAwMDAwMDAwMCwidXBkYXRlIjoxODAwMDAwMDAwMDAwfX0=",
          "dependencies": [
            "azurerm_public_ip.web_linuxvm_publicip",
            "azurerm_resource_group.ajithrg1",
            "azurerm_subnet.websubnet",
            "azurerm_virtual_network.vnet",
            "random_string.myrandom"
          ]
        }
      ]
    },
    {
      "mode": "managed",
      "type": "azurerm_network_interface_security_group_association",
      "name": "web_vmnic_nsg_associate",
      "provider": "provider[\"registry.terraform.io/hashicorp/azurerm\"]",
      "instances": [
        {
          "schema_version": 0,
          "attributes": {
            "id": "/subscriptions/4477db70-a73b-4972-93d8-5feaed9f53b2/resourceGroups/hr-dev-ajithrg-ncwmqd/providers/Microsoft.Network/networkInterfaces/hr-dev-web-linuxvm-nic|/subscriptions/4477db70-a73b-4972-93d8-5feaed9f53b2/resourceGroups/hr-dev-ajithrg-ncwmqd/providers/Microsoft.Network/networkSecurityGroups/hr-dev-web-linuxvm-nic-nsg",
            "network_interface_id": "/subscriptions/4477db70-a73b-4972-93d8-5feaed9f53b2/resourceGroups/hr-dev-ajithrg-ncwmqd/providers/Microsoft.Network/networkInterfaces/hr-dev-web-linuxvm-nic",
            "network_security_group_id": "/subscriptions/4477db70-a73b-4972-93d8-5feaed9f53b2/resourceGroups/hr-dev-ajithrg-ncwmqd/providers/Microsoft.Network/networkSecurityGroups/hr-dev-web-linuxvm-nic-nsg",
            "timeouts": null
          },
          "sensitive_attributes": [],
          "private": "eyJlMmJmYjczMC1lY2FhLTExZTYtOGY4OC0zNDM2M2JjN2M0YzAiOnsiY3JlYXRlIjoxODAwMDAwMDAwMDAwLCJkZWxldGUiOjE4MDAwMDAwMDAwMDAsInJlYWQiOjMwMDAwMDAwMDAwMCwidXBkYXRlIjoxODAwMDAwMDAwMDAwfX0=",
          "dependencies": [
            "azurerm_network_interface.web_linuxvm_nic",
            "azurerm_network_security_group.web_vmnic_nsg",
            "azurerm_network_security_rule.web_vmnic_nsg_rule_inbound",
            "azurerm_public_ip.web_linuxvm_publicip",
            "azurerm_resource_group.ajithrg1",
            "azurerm_subnet.websubnet",
            "azurerm_virtual_network.vnet",
            "random_string.myrandom"
          ]
        }
      ]
    },
    {
      "mode": "managed",
      "type": "azurerm_network_security_group",
      "name": "app_subnet_nsg",
      "provider": "provider[\"registry.terraform.io/hashicorp/azurerm\"]",
      "instances": [
        {
          "schema_version": 0,
          "attributes": {
            "id": "/subscriptions/4477db70-a73b-4972-93d8-5feaed9f53b2/resourceGroups/hr-dev-ajithrg-ncwmqd/providers/Microsoft.Network/networkSecurityGroups/hr-dev-vnet-appsubnet-nsg",
            "location": "eastus",
            "name": "hr-dev-vnet-appsubnet-nsg",
            "resource_group_name": "hr-dev-ajithrg-ncwmqd",
            "security_rule": [],
            "tags": null,
            "timeouts": null
          },
          "sensitive_attributes": [],
          "private": "eyJlMmJmYjczMC1lY2FhLTExZTYtOGY4OC0zNDM2M2JjN2M0YzAiOnsiY3JlYXRlIjoxODAwMDAwMDAwMDAwLCJkZWxldGUiOjE4MDAwMDAwMDAwMDAsInJlYWQiOjMwMDAwMDAwMDAwMCwidXBkYXRlIjoxODAwMDAwMDAwMDAwfX0=",
          "dependencies": [
            "azurerm_resource_group.ajithrg1",
            "azurerm_subnet.appsubnet",
            "azurerm_virtual_network.vnet",
            "random_string.myrandom"
          ]
        }
      ]
    },
    {
      "mode": "managed",
      "type": "azurerm_network_security_group",
      "name": "bastion_subnet_nsg",
      "provider": "provider[\"registry.terraform.io/hashicorp/azurerm\"]",
      "instances": [
        {
          "schema_version": 0,
          "attributes": {
            "id": "/subscriptions/4477db70-a73b-4972-93d8-5feaed9f53b2/resourceGroups/hr-dev-ajithrg-ncwmqd/providers/Microsoft.Network/networkSecurityGroups/hr-dev-vnet-bastionsubnet-nsg",
            "location": "eastus",
            "name": "hr-dev-vnet-bastionsubnet-nsg",
            "resource_group_name": "hr-dev-ajithrg-ncwmqd",
            "security_rule": [],
            "tags": null,
            "timeouts": null
          },
          "sensitive_attributes": [],
          "private": "eyJlMmJmYjczMC1lY2FhLTExZTYtOGY4OC0zNDM2M2JjN2M0YzAiOnsiY3JlYXRlIjoxODAwMDAwMDAwMDAwLCJkZWxldGUiOjE4MDAwMDAwMDAwMDAsInJlYWQiOjMwMDAwMDAwMDAwMCwidXBkYXRlIjoxODAwMDAwMDAwMDAwfX0=",
          "dependencies": [
            "azurerm_resource_group.ajithrg1",
            "azurerm_subnet.bastionsubnet",
            "azurerm_virtual_network.vnet",
            "random_string.myrandom"
          ]
        }
      ]
    },
    {
      "mode": "managed",
      "type": "azurerm_network_security_group",
      "name": "db_subnet_nsg",
      "provider": "provider[\"registry.terraform.io/hashicorp/azurerm\"]",
      "instances": [
        {
          "schema_version": 0,
          "attributes": {
            "id": "/subscriptions/4477db70-a73b-4972-93d8-5feaed9f53b2/resourceGroups/hr-dev-ajithrg-ncwmqd/providers/Microsoft.Network/networkSecurityGroups/hr-dev-vnet-dbsubnet-nsg",
            "location": "eastus",
            "name": "hr-dev-vnet-dbsubnet-nsg",
            "resource_group_name": "hr-dev-ajithrg-ncwmqd",
            "security_rule": [],
            "tags": null,
            "timeouts": null
          },
          "sensitive_attributes": [],
          "private": "eyJlMmJmYjczMC1lY2FhLTExZTYtOGY4OC0zNDM2M2JjN2M0YzAiOnsiY3JlYXRlIjoxODAwMDAwMDAwMDAwLCJkZWxldGUiOjE4MDAwMDAwMDAwMDAsInJlYWQiOjMwMDAwMDAwMDAwMCwidXBkYXRlIjoxODAwMDAwMDAwMDAwfX0=",
          "dependencies": [
            "azurerm_resource_group.ajithrg1",
            "azurerm_subnet.dbsubnet",
            "azurerm_virtual_network.vnet",
            "random_string.myrandom"
          ]
        }
      ]
    },
    {
      "mode": "managed",
      "type": "azurerm_network_security_group",
      "name": "web_subnet_nsg",
      "provider": "provider[\"registry.terraform.io/hashicorp/azurerm\"]",
      "instances": [
        {
          "schema_version": 0,
          "attributes": {
            "id": "/subscriptions/4477db70-a73b-4972-93d8-5feaed9f53b2/resourceGroups/hr-dev-ajithrg-ncwmqd/providers/Microsoft.Network/networkSecurityGroups/hr-dev-vnet-websubnet-nsg",
            "location": "eastus",
            "name": "hr-dev-vnet-websubnet-nsg",
            "resource_group_name": "hr-dev-ajithrg-ncwmqd",
            "security_rule": [],
            "tags": null,
            "timeouts": null
          },
          "sensitive_attributes": [],
          "private": "eyJlMmJmYjczMC1lY2FhLTExZTYtOGY4OC0zNDM2M2JjN2M0YzAiOnsiY3JlYXRlIjoxODAwMDAwMDAwMDAwLCJkZWxldGUiOjE4MDAwMDAwMDAwMDAsInJlYWQiOjMwMDAwMDAwMDAwMCwidXBkYXRlIjoxODAwMDAwMDAwMDAwfX0=",
          "dependencies": [
            "azurerm_resource_group.ajithrg1",
            "azurerm_subnet.websubnet",
            "azurerm_virtual_network.vnet",
            "random_string.myrandom"
          ]
        }
      ]
    },
    {
      "mode": "managed",
      "type": "azurerm_network_security_group",
      "name": "web_vmnic_nsg",
      "provider": "provider[\"registry.terraform.io/hashicorp/azurerm\"]",
      "instances": [
        {
          "schema_version": 0,
          "attributes": {
            "id": "/subscriptions/4477db70-a73b-4972-93d8-5feaed9f53b2/resourceGroups/hr-dev-ajithrg-ncwmqd/providers/Microsoft.Network/networkSecurityGroups/hr-dev-web-linuxvm-nic-nsg",
            "location": "eastus",
            "name": "hr-dev-web-linuxvm-nic-nsg",
            "resource_group_name": "hr-dev-ajithrg-ncwmqd",
            "security_rule": [],
            "tags": null,
            "timeouts": null
          },
          "sensitive_attributes": [],
          "private": "eyJlMmJmYjczMC1lY2FhLTExZTYtOGY4OC0zNDM2M2JjN2M0YzAiOnsiY3JlYXRlIjoxODAwMDAwMDAwMDAwLCJkZWxldGUiOjE4MDAwMDAwMDAwMDAsInJlYWQiOjMwMDAwMDAwMDAwMCwidXBkYXRlIjoxODAwMDAwMDAwMDAwfX0=",
          "dependencies": [
            "azurerm_network_interface.web_linuxvm_nic",
            "azurerm_public_ip.web_linuxvm_publicip",
            "azurerm_resource_group.ajithrg1",
            "azurerm_subnet.websubnet",
            "azurerm_virtual_network.vnet",
            "random_string.myrandom"
          ]
        }
      ]
    },
    {
      "mode": "managed",
      "type": "azurerm_network_security_rule",
      "name": "app_nsg_rule_inbound",
      "provider": "provider[\"registry.terraform.io/hashicorp/azurerm\"]",
      "instances": [
        {
          "index_key": "100",
          "schema_version": 0,
          "attributes": {
            "access": "Allow",
            "description": "",
            "destination_address_prefix": "*",
            "destination_address_prefixes": null,
            "destination_application_security_group_ids": null,
            "destination_port_range": "80",
            "destination_port_ranges": null,
            "direction": "Outbound",
            "id": "/subscriptions/4477db70-a73b-4972-93d8-5feaed9f53b2/resourceGroups/hr-dev-ajithrg-ncwmqd/providers/Microsoft.Network/networkSecurityGroups/hr-dev-vnet-appsubnet-nsg/securityRules/rule_port_80",
            "name": "rule_port_80",
            "network_security_group_name": "hr-dev-vnet-appsubnet-nsg",
            "priority": 100,
            "protocol": "Tcp",
            "resource_group_name": "hr-dev-ajithrg-ncwmqd",
            "source_address_prefix": "*",
            "source_address_prefixes": null,
            "source_application_security_group_ids": null,
            "source_port_range": "100",
            "source_port_ranges": null,
            "timeouts": null
          },
          "sensitive_attributes": [],
          "private": "eyJlMmJmYjczMC1lY2FhLTExZTYtOGY4OC0zNDM2M2JjN2M0YzAiOnsiY3JlYXRlIjoxODAwMDAwMDAwMDAwLCJkZWxldGUiOjE4MDAwMDAwMDAwMDAsInJlYWQiOjMwMDAwMDAwMDAwMCwidXBkYXRlIjoxODAwMDAwMDAwMDAwfX0=",
          "dependencies": [
            "azurerm_network_security_group.app_subnet_nsg",
            "azurerm_resource_group.ajithrg1",
            "azurerm_subnet.appsubnet",
            "azurerm_virtual_network.vnet",
            "random_string.myrandom"
          ]
        },
        {
          "index_key": "110",
          "schema_version": 0,
          "attributes": {
            "access": "Allow",
            "description": "",
            "destination_address_prefix": "*",
            "destination_address_prefixes": null,
            "destination_application_security_group_ids": null,
            "destination_port_range": "443",
            "destination_port_ranges": null,
            "direction": "Outbound",
            "id": "/subscriptions/4477db70-a73b-4972-93d8-5feaed9f53b2/resourceGroups/hr-dev-ajithrg-ncwmqd/providers/Microsoft.Network/networkSecurityGroups/hr-dev-vnet-appsubnet-nsg/securityRules/rule_port_443",
            "name": "rule_port_443",
            "network_security_group_name": "hr-dev-vnet-appsubnet-nsg",
            "priority": 110,
            "protocol": "Tcp",
            "resource_group_name": "hr-dev-ajithrg-ncwmqd",
            "source_address_prefix": "*",
            "source_address_prefixes": null,
            "source_application_security_group_ids": null,
            "source_port_range": "110",
            "source_port_ranges": null,
            "timeouts": null
          },
          "sensitive_attributes": [],
          "private": "eyJlMmJmYjczMC1lY2FhLTExZTYtOGY4OC0zNDM2M2JjN2M0YzAiOnsiY3JlYXRlIjoxODAwMDAwMDAwMDAwLCJkZWxldGUiOjE4MDAwMDAwMDAwMDAsInJlYWQiOjMwMDAwMDAwMDAwMCwidXBkYXRlIjoxODAwMDAwMDAwMDAwfX0=",
          "dependencies": [
            "azurerm_network_security_group.app_subnet_nsg",
            "azurerm_resource_group.ajithrg1",
            "azurerm_subnet.appsubnet",
            "azurerm_virtual_network.vnet",
            "random_string.myrandom"
          ]
        },
        {
          "index_key": "120",
          "schema_version": 0,
          "attributes": {
            "access": "Allow",
            "description": "",
            "destination_address_prefix": "*",
            "destination_address_prefixes": null,
            "destination_application_security_group_ids": null,
            "destination_port_range": "8080",
            "destination_port_ranges": null,
            "direction": "Outbound",
            "id": "/subscriptions/4477db70-a73b-4972-93d8-5feaed9f53b2/resourceGroups/hr-dev-ajithrg-ncwmqd/providers/Microsoft.Network/networkSecurityGroups/hr-dev-vnet-appsubnet-nsg/securityRules/rule_port_8080",
            "name": "rule_port_8080",
            "network_security_group_name": "hr-dev-vnet-appsubnet-nsg",
            "priority": 120,
            "protocol": "Tcp",
            "resource_group_name": "hr-dev-ajithrg-ncwmqd",
            "source_address_prefix": "*",
            "source_address_prefixes": null,
            "source_application_security_group_ids": null,
            "source_port_range": "120",
            "source_port_ranges": null,
            "timeouts": null
          },
          "sensitive_attributes": [],
          "private": "eyJlMmJmYjczMC1lY2FhLTExZTYtOGY4OC0zNDM2M2JjN2M0YzAiOnsiY3JlYXRlIjoxODAwMDAwMDAwMDAwLCJkZWxldGUiOjE4MDAwMDAwMDAwMDAsInJlYWQiOjMwMDAwMDAwMDAwMCwidXBkYXRlIjoxODAwMDAwMDAwMDAwfX0=",
          "dependencies": [
            "azurerm_network_security_group.app_subnet_nsg",
            "azurerm_resource_group.ajithrg1",
            "azurerm_subnet.appsubnet",
            "azurerm_virtual_network.vnet",
            "random_string.myrandom"
          ]
        },
        {
          "index_key": "130",
          "schema_version": 0,
          "attributes": {
            "access": "Allow",
            "description": "",
            "destination_address_prefix": "*",
            "destination_address_prefixes": null,
            "destination_application_security_group_ids": null,
            "destination_port_range": "22",
            "destination_port_ranges": null,
            "direction": "Outbound",
            "id": "/subscriptions/4477db70-a73b-4972-93d8-5feaed9f53b2/resourceGroups/hr-dev-ajithrg-ncwmqd/providers/Microsoft.Network/networkSecurityGroups/hr-dev-vnet-appsubnet-nsg/securityRules/rule_port_22",
            "name": "rule_port_22",
            "network_security_group_name": "hr-dev-vnet-appsubnet-nsg",
            "priority": 130,
            "protocol": "Tcp",
            "resource_group_name": "hr-dev-ajithrg-ncwmqd",
            "source_address_prefix": "*",
            "source_address_prefixes": null,
            "source_application_security_group_ids": null,
            "source_port_range": "130",
            "source_port_ranges": null,
            "timeouts": null
          },
          "sensitive_attributes": [],
          "private": "eyJlMmJmYjczMC1lY2FhLTExZTYtOGY4OC0zNDM2M2JjN2M0YzAiOnsiY3JlYXRlIjoxODAwMDAwMDAwMDAwLCJkZWxldGUiOjE4MDAwMDAwMDAwMDAsInJlYWQiOjMwMDAwMDAwMDAwMCwidXBkYXRlIjoxODAwMDAwMDAwMDAwfX0=",
          "dependencies": [
            "azurerm_network_security_group.app_subnet_nsg",
            "azurerm_resource_group.ajithrg1",
            "azurerm_subnet.appsubnet",
            "azurerm_virtual_network.vnet",
            "random_string.myrandom"
          ]
        }
      ]
    },
    {
      "mode": "managed",
      "type": "azurerm_network_security_rule",
      "name": "bastion_nsg_rule_inbound",
      "provider": "provider[\"registry.terraform.io/hashicorp/azurerm\"]",
      "instances": [
        {
          "index_key": "100",
          "schema_version": 0,
          "attributes": {
            "access": "Allow",
            "description": "",
            "destination_address_prefix": "*",
            "destination_address_prefixes": null,
            "destination_application_security_group_ids": null,
            "destination_port_range": "3389",
            "destination_port_ranges": null,
            "direction": "Inbound",
            "id": "/subscriptions/4477db70-a73b-4972-93d8-5feaed9f53b2/resourceGroups/hr-dev-ajithrg-ncwmqd/providers/Microsoft.Network/networkSecurityGroups/hr-dev-vnet-bastionsubnet-nsg/securityRules/Rule_port_3389",
            "name": "Rule_port_3389",
            "network_security_group_name": "hr-dev-vnet-bastionsubnet-nsg",
            "priority": 100,
            "protocol": "Tcp",
            "resource_group_name": "hr-dev-ajithrg-ncwmqd",
            "source_address_prefix": "*",
            "source_address_prefixes": null,
            "source_application_security_group_ids": null,
            "source_port_range": "*",
            "source_port_ranges": null,
            "timeouts": null
          },
          "sensitive_attributes": [],
          "private": "eyJlMmJmYjczMC1lY2FhLTExZTYtOGY4OC0zNDM2M2JjN2M0YzAiOnsiY3JlYXRlIjoxODAwMDAwMDAwMDAwLCJkZWxldGUiOjE4MDAwMDAwMDAwMDAsInJlYWQiOjMwMDAwMDAwMDAwMCwidXBkYXRlIjoxODAwMDAwMDAwMDAwfX0=",
          "dependencies": [
            "azurerm_network_security_group.bastion_subnet_nsg",
            "azurerm_resource_group.ajithrg1",
            "azurerm_subnet.bastionsubnet",
            "azurerm_virtual_network.vnet",
            "random_string.myrandom"
          ]
        },
        {
          "index_key": "110",
          "schema_version": 0,
          "attributes": {
            "access": "Allow",
            "description": "",
            "destination_address_prefix": "*",
            "destination_address_prefixes": null,
            "destination_application_security_group_ids": null,
            "destination_port_range": "22",
            "destination_port_ranges": null,
            "direction": "Inbound",
            "id": "/subscriptions/4477db70-a73b-4972-93d8-5feaed9f53b2/resourceGroups/hr-dev-ajithrg-ncwmqd/providers/Microsoft.Network/networkSecurityGroups/hr-dev-vnet-bastionsubnet-nsg/securityRules/Rule_port_22",
            "name": "Rule_port_22",
            "network_security_group_name": "hr-dev-vnet-bastionsubnet-nsg",
            "priority": 110,
            "protocol": "Tcp",
            "resource_group_name": "hr-dev-ajithrg-ncwmqd",
            "source_address_prefix": "*",
            "source_address_prefixes": null,
            "source_application_security_group_ids": null,
            "source_port_range": "*",
            "source_port_ranges": null,
            "timeouts": null
          },
          "sensitive_attributes": [],
          "private": "eyJlMmJmYjczMC1lY2FhLTExZTYtOGY4OC0zNDM2M2JjN2M0YzAiOnsiY3JlYXRlIjoxODAwMDAwMDAwMDAwLCJkZWxldGUiOjE4MDAwMDAwMDAwMDAsInJlYWQiOjMwMDAwMDAwMDAwMCwidXBkYXRlIjoxODAwMDAwMDAwMDAwfX0=",
          "dependencies": [
            "azurerm_network_security_group.bastion_subnet_nsg",
            "azurerm_resource_group.ajithrg1",
            "azurerm_subnet.bastionsubnet",
            "azurerm_virtual_network.vnet",
            "random_string.myrandom"
          ]
        }
      ]
    },
    {
      "mode": "managed",
      "type": "azurerm_network_security_rule",
      "name": "db_nsg_rule_inbound",
      "provider": "provider[\"registry.terraform.io/hashicorp/azurerm\"]",
      "instances": [
        {
          "index_key": "100",
          "schema_version": 0,
          "attributes": {
            "access": "Allow",
            "description": "",
            "destination_address_prefix": "*",
            "destination_address_prefixes": null,
            "destination_application_security_group_ids": null,
            "destination_port_range": "3306",
            "destination_port_ranges": null,
            "direction": "Inbound",
            "id": "/subscriptions/4477db70-a73b-4972-93d8-5feaed9f53b2/resourceGroups/hr-dev-ajithrg-ncwmqd/providers/Microsoft.Network/networkSecurityGroups/hr-dev-vnet-dbsubnet-nsg/securityRules/Rule_port_3306",
            "name": "Rule_port_3306",
            "network_security_group_name": "hr-dev-vnet-dbsubnet-nsg",
            "priority": 100,
            "protocol": "Tcp",
            "resource_group_name": "hr-dev-ajithrg-ncwmqd",
            "source_address_prefix": "*",
            "source_address_prefixes": null,
            "source_application_security_group_ids": null,
            "source_port_range": "*",
            "source_port_ranges": null,
            "timeouts": null
          },
          "sensitive_attributes": [],
          "private": "eyJlMmJmYjczMC1lY2FhLTExZTYtOGY4OC0zNDM2M2JjN2M0YzAiOnsiY3JlYXRlIjoxODAwMDAwMDAwMDAwLCJkZWxldGUiOjE4MDAwMDAwMDAwMDAsInJlYWQiOjMwMDAwMDAwMDAwMCwidXBkYXRlIjoxODAwMDAwMDAwMDAwfX0=",
          "dependencies": [
            "azurerm_network_security_group.db_subnet_nsg",
            "azurerm_resource_group.ajithrg1",
            "azurerm_subnet.dbsubnet",
            "azurerm_virtual_network.vnet",
            "random_string.myrandom"
          ]
        },
        {
          "index_key": "110",
          "schema_version": 0,
          "attributes": {
            "access": "Allow",
            "description": "",
            "destination_address_prefix": "*",
            "destination_address_prefixes": null,
            "destination_application_security_group_ids": null,
            "destination_port_range": "1433",
            "destination_port_ranges": null,
            "direction": "Inbound",
            "id": "/subscriptions/4477db70-a73b-4972-93d8-5feaed9f53b2/resourceGroups/hr-dev-ajithrg-ncwmqd/providers/Microsoft.Network/networkSecurityGroups/hr-dev-vnet-dbsubnet-nsg/securityRules/Rule_port_1433",
            "name": "Rule_port_1433",
            "network_security_group_name": "hr-dev-vnet-dbsubnet-nsg",
            "priority": 110,
            "protocol": "Tcp",
            "resource_group_name": "hr-dev-ajithrg-ncwmqd",
            "source_address_prefix": "*",
            "source_address_prefixes": null,
            "source_application_security_group_ids": null,
            "source_port_range": "*",
            "source_port_ranges": null,
            "timeouts": null
          },
          "sensitive_attributes": [],
          "private": "eyJlMmJmYjczMC1lY2FhLTExZTYtOGY4OC0zNDM2M2JjN2M0YzAiOnsiY3JlYXRlIjoxODAwMDAwMDAwMDAwLCJkZWxldGUiOjE4MDAwMDAwMDAwMDAsInJlYWQiOjMwMDAwMDAwMDAwMCwidXBkYXRlIjoxODAwMDAwMDAwMDAwfX0=",
          "dependencies": [
            "azurerm_network_security_group.db_subnet_nsg",
            "azurerm_resource_group.ajithrg1",
            "azurerm_subnet.dbsubnet",
            "azurerm_virtual_network.vnet",
            "random_string.myrandom"
          ]
        },
        {
          "index_key": "120",
          "schema_version": 0,
          "attributes": {
            "access": "Allow",
            "description": "",
            "destination_address_prefix": "*",
            "destination_address_prefixes": null,
            "destination_application_security_group_ids": null,
            "destination_port_range": "5432",
            "destination_port_ranges": null,
            "direction": "Inbound",
            "id": "/subscriptions/4477db70-a73b-4972-93d8-5feaed9f53b2/resourceGroups/hr-dev-ajithrg-ncwmqd/providers/Microsoft.Network/networkSecurityGroups/hr-dev-vnet-dbsubnet-nsg/securityRules/Rule_port_5432",
            "name": "Rule_port_5432",
            "network_security_group_name": "hr-dev-vnet-dbsubnet-nsg",
            "priority": 120,
            "protocol": "Tcp",
            "resource_group_name": "hr-dev-ajithrg-ncwmqd",
            "source_address_prefix": "*",
            "source_address_prefixes": null,
            "source_application_security_group_ids": null,
            "source_port_range": "*",
            "source_port_ranges": null,
            "timeouts": null
          },
          "sensitive_attributes": [],
          "private": "eyJlMmJmYjczMC1lY2FhLTExZTYtOGY4OC0zNDM2M2JjN2M0YzAiOnsiY3JlYXRlIjoxODAwMDAwMDAwMDAwLCJkZWxldGUiOjE4MDAwMDAwMDAwMDAsInJlYWQiOjMwMDAwMDAwMDAwMCwidXBkYXRlIjoxODAwMDAwMDAwMDAwfX0=",
          "dependencies": [
            "azurerm_network_security_group.db_subnet_nsg",
            "azurerm_resource_group.ajithrg1",
            "azurerm_subnet.dbsubnet",
            "azurerm_virtual_network.vnet",
            "random_string.myrandom"
          ]
        }
      ]
    },
    {
      "mode": "managed",
      "type": "azurerm_network_security_rule",
      "name": "web_nsg_rule_inbound",
      "provider": "provider[\"registry.terraform.io/hashicorp/azurerm\"]",
      "instances": [
        {
          "index_key": "100",
          "schema_version": 0,
          "attributes": {
            "access": "Allow",
            "description": "",
            "destination_address_prefix": "*",
            "destination_address_prefixes": null,
            "destination_application_security_group_ids": null,
            "destination_port_range": "80",
            "destination_port_ranges": null,
            "direction": "Inbound",
            "id": "/subscriptions/4477db70-a73b-4972-93d8-5feaed9f53b2/resourceGroups/hr-dev-ajithrg-ncwmqd/providers/Microsoft.Network/networkSecurityGroups/hr-dev-vnet-websubnet-nsg/securityRules/Rule_port_80",
            "name": "Rule_port_80",
            "network_security_group_name": "hr-dev-vnet-websubnet-nsg",
            "priority": 100,
            "protocol": "Tcp",
            "resource_group_name": "hr-dev-ajithrg-ncwmqd",
            "source_address_prefix": "*",
            "source_address_prefixes": null,
            "source_application_security_group_ids": null,
            "source_port_range": "*",
            "source_port_ranges": null,
            "timeouts": null
          },
          "sensitive_attributes": [],
          "private": "eyJlMmJmYjczMC1lY2FhLTExZTYtOGY4OC0zNDM2M2JjN2M0YzAiOnsiY3JlYXRlIjoxODAwMDAwMDAwMDAwLCJkZWxldGUiOjE4MDAwMDAwMDAwMDAsInJlYWQiOjMwMDAwMDAwMDAwMCwidXBkYXRlIjoxODAwMDAwMDAwMDAwfX0=",
          "dependencies": [
            "azurerm_network_security_group.web_subnet_nsg",
            "azurerm_resource_group.ajithrg1",
            "azurerm_subnet.websubnet",
            "azurerm_virtual_network.vnet",
            "random_string.myrandom"
          ]
        },
        {
          "index_key": "110",
          "schema_version": 0,
          "attributes": {
            "access": "Allow",
            "description": "",
            "destination_address_prefix": "*",
            "destination_address_prefixes": null,
            "destination_application_security_group_ids": null,
            "destination_port_range": "443",
            "destination_port_ranges": null,
            "direction": "Inbound",
            "id": "/subscriptions/4477db70-a73b-4972-93d8-5feaed9f53b2/resourceGroups/hr-dev-ajithrg-ncwmqd/providers/Microsoft.Network/networkSecurityGroups/hr-dev-vnet-websubnet-nsg/securityRules/Rule_port_443",
            "name": "Rule_port_443",
            "network_security_group_name": "hr-dev-vnet-websubnet-nsg",
            "priority": 110,
            "protocol": "Tcp",
            "resource_group_name": "hr-dev-ajithrg-ncwmqd",
            "source_address_prefix": "*",
            "source_address_prefixes": null,
            "source_application_security_group_ids": null,
            "source_port_range": "*",
            "source_port_ranges": null,
            "timeouts": null
          },
          "sensitive_attributes": [],
          "private": "eyJlMmJmYjczMC1lY2FhLTExZTYtOGY4OC0zNDM2M2JjN2M0YzAiOnsiY3JlYXRlIjoxODAwMDAwMDAwMDAwLCJkZWxldGUiOjE4MDAwMDAwMDAwMDAsInJlYWQiOjMwMDAwMDAwMDAwMCwidXBkYXRlIjoxODAwMDAwMDAwMDAwfX0=",
          "dependencies": [
            "azurerm_network_security_group.web_subnet_nsg",
            "azurerm_resource_group.ajithrg1",
            "azurerm_subnet.websubnet",
            "azurerm_virtual_network.vnet",
            "random_string.myrandom"
          ]
        },
        {
          "index_key": "120",
          "schema_version": 0,
          "attributes": {
            "access": "Allow",
            "description": "",
            "destination_address_prefix": "*",
            "destination_address_prefixes": null,
            "destination_application_security_group_ids": null,
            "destination_port_range": "22",
            "destination_port_ranges": null,
            "direction": "Inbound",
            "id": "/subscriptions/4477db70-a73b-4972-93d8-5feaed9f53b2/resourceGroups/hr-dev-ajithrg-ncwmqd/providers/Microsoft.Network/networkSecurityGroups/hr-dev-vnet-websubnet-nsg/securityRules/Rule_port_22",
            "name": "Rule_port_22",
            "network_security_group_name": "hr-dev-vnet-websubnet-nsg",
            "priority": 120,
            "protocol": "Tcp",
            "resource_group_name": "hr-dev-ajithrg-ncwmqd",
            "source_address_prefix": "*",
            "source_address_prefixes": null,
            "source_application_security_group_ids": null,
            "source_port_range": "*",
            "source_port_ranges": null,
            "timeouts": null
          },
          "sensitive_attributes": [],
          "private": "eyJlMmJmYjczMC1lY2FhLTExZTYtOGY4OC0zNDM2M2JjN2M0YzAiOnsiY3JlYXRlIjoxODAwMDAwMDAwMDAwLCJkZWxldGUiOjE4MDAwMDAwMDAwMDAsInJlYWQiOjMwMDAwMDAwMDAwMCwidXBkYXRlIjoxODAwMDAwMDAwMDAwfX0=",
          "dependencies": [
            "azurerm_network_security_group.web_subnet_nsg",
            "azurerm_resource_group.ajithrg1",
            "azurerm_subnet.websubnet",
            "azurerm_virtual_network.vnet",
            "random_string.myrandom"
          ]
        }
      ]
    },
    {
      "mode": "managed",
      "type": "azurerm_network_security_rule",
      "name": "web_vmnic_nsg_rule_inbound",
      "provider": "provider[\"registry.terraform.io/hashicorp/azurerm\"]",
      "instances": [
        {
          "index_key": "100",
          "schema_version": 0,
          "attributes": {
            "access": "Allow",
            "description": "",
            "destination_address_prefix": "*",
            "destination_address_prefixes": null,
            "destination_application_security_group_ids": null,
            "destination_port_range": "80",
            "destination_port_ranges": null,
            "direction": "Inbound",
            "id": "/subscriptions/4477db70-a73b-4972-93d8-5feaed9f53b2/resourceGroups/hr-dev-ajithrg-ncwmqd/providers/Microsoft.Network/networkSecurityGroups/hr-dev-web-linuxvm-nic-nsg/securityRules/Rule-Port-80",
            "name": "Rule-Port-80",
            "network_security_group_name": "hr-dev-web-linuxvm-nic-nsg",
            "priority": 100,
            "protocol": "Tcp",
            "resource_group_name": "hr-dev-ajithrg-ncwmqd",
            "source_address_prefix": "*",
            "source_address_prefixes": null,
            "source_application_security_group_ids": null,
            "source_port_range": "*",
            "source_port_ranges": null,
            "timeouts": null
          },
          "sensitive_attributes": [],
          "private": "eyJlMmJmYjczMC1lY2FhLTExZTYtOGY4OC0zNDM2M2JjN2M0YzAiOnsiY3JlYXRlIjoxODAwMDAwMDAwMDAwLCJkZWxldGUiOjE4MDAwMDAwMDAwMDAsInJlYWQiOjMwMDAwMDAwMDAwMCwidXBkYXRlIjoxODAwMDAwMDAwMDAwfX0=",
          "dependencies": [
            "azurerm_network_interface.web_linuxvm_nic",
            "azurerm_network_security_group.web_vmnic_nsg",
            "azurerm_public_ip.web_linuxvm_publicip",
            "azurerm_resource_group.ajithrg1",
            "azurerm_subnet.websubnet",
            "azurerm_virtual_network.vnet",
            "random_string.myrandom"
          ]
        },
        {
          "index_key": "110",
          "schema_version": 0,
          "attributes": {
            "access": "Allow",
            "description": "",
            "destination_address_prefix": "*",
            "destination_address_prefixes": null,
            "destination_application_security_group_ids": null,
            "destination_port_range": "443",
            "destination_port_ranges": null,
            "direction": "Inbound",
            "id": "/subscriptions/4477db70-a73b-4972-93d8-5feaed9f53b2/resourceGroups/hr-dev-ajithrg-ncwmqd/providers/Microsoft.Network/networkSecurityGroups/hr-dev-web-linuxvm-nic-nsg/securityRules/Rule-Port-443",
            "name": "Rule-Port-443",
            "network_security_group_name": "hr-dev-web-linuxvm-nic-nsg",
            "priority": 110,
            "protocol": "Tcp",
            "resource_group_name": "hr-dev-ajithrg-ncwmqd",
            "source_address_prefix": "*",
            "source_address_prefixes": null,
            "source_application_security_group_ids": null,
            "source_port_range": "*",
            "source_port_ranges": null,
            "timeouts": null
          },
          "sensitive_attributes": [],
          "private": "eyJlMmJmYjczMC1lY2FhLTExZTYtOGY4OC0zNDM2M2JjN2M0YzAiOnsiY3JlYXRlIjoxODAwMDAwMDAwMDAwLCJkZWxldGUiOjE4MDAwMDAwMDAwMDAsInJlYWQiOjMwMDAwMDAwMDAwMCwidXBkYXRlIjoxODAwMDAwMDAwMDAwfX0=",
          "dependencies": [
            "azurerm_network_interface.web_linuxvm_nic",
            "azurerm_network_security_group.web_vmnic_nsg",
            "azurerm_public_ip.web_linuxvm_publicip",
            "azurerm_resource_group.ajithrg1",
            "azurerm_subnet.websubnet",
            "azurerm_virtual_network.vnet",
            "random_string.myrandom"
          ]
        },
        {
          "index_key": "120",
          "schema_version": 0,
          "attributes": {
            "access": "Allow",
            "description": "",
            "destination_address_prefix": "*",
            "destination_address_prefixes": null,
            "destination_application_security_group_ids": null,
            "destination_port_range": "22",
            "destination_port_ranges": null,
            "direction": "Inbound",
            "id": "/subscriptions/4477db70-a73b-4972-93d8-5feaed9f53b2/resourceGroups/hr-dev-ajithrg-ncwmqd/providers/Microsoft.Network/networkSecurityGroups/hr-dev-web-linuxvm-nic-nsg/securityRules/Rule-Port-22",
            "name": "Rule-Port-22",
            "network_security_group_name": "hr-dev-web-linuxvm-nic-nsg",
            "priority": 120,
            "protocol": "Tcp",
            "resource_group_name": "hr-dev-ajithrg-ncwmqd",
            "source_address_prefix": "*",
            "source_address_prefixes": null,
            "source_application_security_group_ids": null,
            "source_port_range": "*",
            "source_port_ranges": null,
            "timeouts": null
          },
          "sensitive_attributes": [],
          "private": "eyJlMmJmYjczMC1lY2FhLTExZTYtOGY4OC0zNDM2M2JjN2M0YzAiOnsiY3JlYXRlIjoxODAwMDAwMDAwMDAwLCJkZWxldGUiOjE4MDAwMDAwMDAwMDAsInJlYWQiOjMwMDAwMDAwMDAwMCwidXBkYXRlIjoxODAwMDAwMDAwMDAwfX0=",
          "dependencies": [
            "azurerm_network_interface.web_linuxvm_nic",
            "azurerm_network_security_group.web_vmnic_nsg",
            "azurerm_public_ip.web_linuxvm_publicip",
            "azurerm_resource_group.ajithrg1",
            "azurerm_subnet.websubnet",
            "azurerm_virtual_network.vnet",
            "random_string.myrandom"
          ]
        }
      ]
    },
    {
      "mode": "managed",
      "type": "azurerm_public_ip",
      "name": "web_linuxvm_publicip",
      "provider": "provider[\"registry.terraform.io/hashicorp/azurerm\"]",
      "instances": [
        {
          "schema_version": 0,
          "attributes": {
            "allocation_method": "Static",
            "availability_zone": "Zone-Redundant",
            "domain_name_label": null,
            "fqdn": null,
            "id": "/subscriptions/4477db70-a73b-4972-93d8-5feaed9f53b2/resourceGroups/hr-dev-ajithrg-ncwmqd/providers/Microsoft.Network/publicIPAddresses/hr-dev-web-linuxvm-publicip",
            "idle_timeout_in_minutes": 4,
            "ip_address": "40.76.153.109",
            "ip_tags": null,
            "ip_version": "IPv4",
            "location": "eastus",
            "name": "hr-dev-web-linuxvm-publicip",
            "public_ip_prefix_id": null,
            "resource_group_name": "hr-dev-ajithrg-ncwmqd",
            "reverse_fqdn": null,
            "sku": "Standard",
            "sku_tier": "Regional",
            "tags": null,
            "timeouts": null,
            "zones": []
          },
          "sensitive_attributes": [],
          "private": "eyJlMmJmYjczMC1lY2FhLTExZTYtOGY4OC0zNDM2M2JjN2M0YzAiOnsiY3JlYXRlIjoxODAwMDAwMDAwMDAwLCJkZWxldGUiOjE4MDAwMDAwMDAwMDAsInJlYWQiOjMwMDAwMDAwMDAwMCwidXBkYXRlIjoxODAwMDAwMDAwMDAwfX0=",
          "dependencies": [
            "azurerm_resource_group.ajithrg1",
            "random_string.myrandom"
          ]
        }
      ]
    },
    {
      "mode": "managed",
      "type": "azurerm_resource_group",
      "name": "ajithrg1",
      "provider": "provider[\"registry.terraform.io/hashicorp/azurerm\"]",
      "instances": [
        {
          "schema_version": 0,
          "attributes": {
            "id": "/subscriptions/4477db70-a73b-4972-93d8-5feaed9f53b2/resourceGroups/hr-dev-ajithrg-ncwmqd",
            "location": "eastus",
            "name": "hr-dev-ajithrg-ncwmqd",
            "tags": {
              "environment": "dev",
              "owners": "hr"
            },
            "timeouts": null
          },
          "sensitive_attributes": [],
          "private": "eyJlMmJmYjczMC1lY2FhLTExZTYtOGY4OC0zNDM2M2JjN2M0YzAiOnsiY3JlYXRlIjo1NDAwMDAwMDAwMDAwLCJkZWxldGUiOjU0MDAwMDAwMDAwMDAsInJlYWQiOjMwMDAwMDAwMDAwMCwidXBkYXRlIjo1NDAwMDAwMDAwMDAwfX0=",
          "dependencies": [
            "random_string.myrandom"
          ]
        }
      ]
    },
    {
      "mode": "managed",
      "type": "azurerm_subnet",
      "name": "appsubnet",
      "provider": "provider[\"registry.terraform.io/hashicorp/azurerm\"]",
      "instances": [
        {
          "schema_version": 0,
          "attributes": {
            "address_prefix": "10.1.11.0/24",
            "address_prefixes": [
              "10.1.11.0/24"
            ],
            "delegation": [],
            "enforce_private_link_endpoint_network_policies": false,
            "enforce_private_link_service_network_policies": false,
            "id": "/subscriptions/4477db70-a73b-4972-93d8-5feaed9f53b2/resourceGroups/hr-dev-ajithrg-ncwmqd/providers/Microsoft.Network/virtualNetworks/hr-dev-vnet/subnets/hr-dev-vnet-appsubnet",
            "name": "hr-dev-vnet-appsubnet",
            "resource_group_name": "hr-dev-ajithrg-ncwmqd",
            "service_endpoint_policy_ids": null,
            "service_endpoints": null,
            "timeouts": null,
            "virtual_network_name": "hr-dev-vnet"
          },
          "sensitive_attributes": [],
          "private": "eyJlMmJmYjczMC1lY2FhLTExZTYtOGY4OC0zNDM2M2JjN2M0YzAiOnsiY3JlYXRlIjoxODAwMDAwMDAwMDAwLCJkZWxldGUiOjE4MDAwMDAwMDAwMDAsInJlYWQiOjMwMDAwMDAwMDAwMCwidXBkYXRlIjoxODAwMDAwMDAwMDAwfX0=",
          "dependencies": [
            "azurerm_resource_group.ajithrg1",
            "azurerm_virtual_network.vnet",
            "random_string.myrandom"
          ]
        }
      ]
    },
    {
      "mode": "managed",
      "type": "azurerm_subnet",
      "name": "bastionsubnet",
      "provider": "provider[\"registry.terraform.io/hashicorp/azurerm\"]",
      "instances": [
        {
          "schema_version": 0,
          "attributes": {
            "address_prefix": "10.1.100.0/24",
            "address_prefixes": [
              "10.1.100.0/24"
            ],
            "delegation": [],
            "enforce_private_link_endpoint_network_policies": false,
            "enforce_private_link_service_network_policies": false,
            "id": "/subscriptions/4477db70-a73b-4972-93d8-5feaed9f53b2/resourceGroups/hr-dev-ajithrg-ncwmqd/providers/Microsoft.Network/virtualNetworks/hr-dev-vnet/subnets/hr-dev-vnet-bastionsubnet",
            "name": "hr-dev-vnet-bastionsubnet",
            "resource_group_name": "hr-dev-ajithrg-ncwmqd",
            "service_endpoint_policy_ids": null,
            "service_endpoints": null,
            "timeouts": null,
            "virtual_network_name": "hr-dev-vnet"
          },
          "sensitive_attributes": [],
          "private": "eyJlMmJmYjczMC1lY2FhLTExZTYtOGY4OC0zNDM2M2JjN2M0YzAiOnsiY3JlYXRlIjoxODAwMDAwMDAwMDAwLCJkZWxldGUiOjE4MDAwMDAwMDAwMDAsInJlYWQiOjMwMDAwMDAwMDAwMCwidXBkYXRlIjoxODAwMDAwMDAwMDAwfX0=",
          "dependencies": [
            "azurerm_resource_group.ajithrg1",
            "azurerm_virtual_network.vnet",
            "random_string.myrandom"
          ]
        }
      ]
    },
    {
      "mode": "managed",
      "type": "azurerm_subnet",
      "name": "dbsubnet",
      "provider": "provider[\"registry.terraform.io/hashicorp/azurerm\"]",
      "instances": [
        {
          "schema_version": 0,
          "attributes": {
            "address_prefix": "10.1.21.0/24",
            "address_prefixes": [
              "10.1.21.0/24"
            ],
            "delegation": [],
            "enforce_private_link_endpoint_network_policies": false,
            "enforce_private_link_service_network_policies": false,
            "id": "/subscriptions/4477db70-a73b-4972-93d8-5feaed9f53b2/resourceGroups/hr-dev-ajithrg-ncwmqd/providers/Microsoft.Network/virtualNetworks/hr-dev-vnet/subnets/hr-dev-vnet-dbsubnet",
            "name": "hr-dev-vnet-dbsubnet",
            "resource_group_name": "hr-dev-ajithrg-ncwmqd",
            "service_endpoint_policy_ids": null,
            "service_endpoints": null,
            "timeouts": null,
            "virtual_network_name": "hr-dev-vnet"
          },
          "sensitive_attributes": [],
          "private": "eyJlMmJmYjczMC1lY2FhLTExZTYtOGY4OC0zNDM2M2JjN2M0YzAiOnsiY3JlYXRlIjoxODAwMDAwMDAwMDAwLCJkZWxldGUiOjE4MDAwMDAwMDAwMDAsInJlYWQiOjMwMDAwMDAwMDAwMCwidXBkYXRlIjoxODAwMDAwMDAwMDAwfX0=",
          "dependencies": [
            "azurerm_resource_group.ajithrg1",
            "azurerm_virtual_network.vnet",
            "random_string.myrandom"
          ]
        }
      ]
    },
    {
      "mode": "managed",
      "type": "azurerm_subnet",
      "name": "websubnet",
      "provider": "provider[\"registry.terraform.io/hashicorp/azurerm\"]",
      "instances": [
        {
          "schema_version": 0,
          "attributes": {
            "address_prefix": "10.1.1.0/24",
            "address_prefixes": [
              "10.1.1.0/24"
            ],
            "delegation": [],
            "enforce_private_link_endpoint_network_policies": false,
            "enforce_private_link_service_network_policies": false,
            "id": "/subscriptions/4477db70-a73b-4972-93d8-5feaed9f53b2/resourceGroups/hr-dev-ajithrg-ncwmqd/providers/Microsoft.Network/virtualNetworks/hr-dev-vnet/subnets/hr-dev-vnet-websubnet",
            "name": "hr-dev-vnet-websubnet",
            "resource_group_name": "hr-dev-ajithrg-ncwmqd",
            "service_endpoint_policy_ids": null,
            "service_endpoints": null,
            "timeouts": null,
            "virtual_network_name": "hr-dev-vnet"
          },
          "sensitive_attributes": [],
          "private": "eyJlMmJmYjczMC1lY2FhLTExZTYtOGY4OC0zNDM2M2JjN2M0YzAiOnsiY3JlYXRlIjoxODAwMDAwMDAwMDAwLCJkZWxldGUiOjE4MDAwMDAwMDAwMDAsInJlYWQiOjMwMDAwMDAwMDAwMCwidXBkYXRlIjoxODAwMDAwMDAwMDAwfX0=",
          "dependencies": [
            "azurerm_resource_group.ajithrg1",
            "azurerm_virtual_network.vnet",
            "random_string.myrandom"
          ]
        }
      ]
    },
    {
      "mode": "managed",
      "type": "azurerm_subnet_network_security_group_association",
      "name": "app_subnet_nsg_association",
      "provider": "provider[\"registry.terraform.io/hashicorp/azurerm\"]",
      "instances": [
        {
          "schema_version": 0,
          "attributes": {
            "id": "/subscriptions/4477db70-a73b-4972-93d8-5feaed9f53b2/resourceGroups/hr-dev-ajithrg-ncwmqd/providers/Microsoft.Network/virtualNetworks/hr-dev-vnet/subnets/hr-dev-vnet-appsubnet",
            "network_security_group_id": "/subscriptions/4477db70-a73b-4972-93d8-5feaed9f53b2/resourceGroups/hr-dev-ajithrg-ncwmqd/providers/Microsoft.Network/networkSecurityGroups/hr-dev-vnet-appsubnet-nsg",
            "subnet_id": "/subscriptions/4477db70-a73b-4972-93d8-5feaed9f53b2/resourceGroups/hr-dev-ajithrg-ncwmqd/providers/Microsoft.Network/virtualNetworks/hr-dev-vnet/subnets/hr-dev-vnet-appsubnet",
            "timeouts": null
          },
          "sensitive_attributes": [],
          "private": "eyJlMmJmYjczMC1lY2FhLTExZTYtOGY4OC0zNDM2M2JjN2M0YzAiOnsiY3JlYXRlIjoxODAwMDAwMDAwMDAwLCJkZWxldGUiOjE4MDAwMDAwMDAwMDAsInJlYWQiOjMwMDAwMDAwMDAwMCwidXBkYXRlIjoxODAwMDAwMDAwMDAwfX0=",
          "dependencies": [
            "azurerm_network_security_group.app_subnet_nsg",
            "azurerm_network_security_rule.app_nsg_rule_inbound",
            "azurerm_resource_group.ajithrg1",
            "azurerm_subnet.appsubnet",
            "azurerm_virtual_network.vnet",
            "random_string.myrandom"
          ]
        }
      ]
    },
    {
      "mode": "managed",
      "type": "azurerm_subnet_network_security_group_association",
      "name": "bastion_subnet_nsg_association",
      "provider": "provider[\"registry.terraform.io/hashicorp/azurerm\"]",
      "instances": [
        {
          "schema_version": 0,
          "attributes": {
            "id": "/subscriptions/4477db70-a73b-4972-93d8-5feaed9f53b2/resourceGroups/hr-dev-ajithrg-ncwmqd/providers/Microsoft.Network/virtualNetworks/hr-dev-vnet/subnets/hr-dev-vnet-bastionsubnet",
            "network_security_group_id": "/subscriptions/4477db70-a73b-4972-93d8-5feaed9f53b2/resourceGroups/hr-dev-ajithrg-ncwmqd/providers/Microsoft.Network/networkSecurityGroups/hr-dev-vnet-bastionsubnet-nsg",
            "subnet_id": "/subscriptions/4477db70-a73b-4972-93d8-5feaed9f53b2/resourceGroups/hr-dev-ajithrg-ncwmqd/providers/Microsoft.Network/virtualNetworks/hr-dev-vnet/subnets/hr-dev-vnet-bastionsubnet",
            "timeouts": null
          },
          "sensitive_attributes": [],
          "private": "eyJlMmJmYjczMC1lY2FhLTExZTYtOGY4OC0zNDM2M2JjN2M0YzAiOnsiY3JlYXRlIjoxODAwMDAwMDAwMDAwLCJkZWxldGUiOjE4MDAwMDAwMDAwMDAsInJlYWQiOjMwMDAwMDAwMDAwMCwidXBkYXRlIjoxODAwMDAwMDAwMDAwfX0=",
          "dependencies": [
            "azurerm_network_security_group.bastion_subnet_nsg",
            "azurerm_network_security_rule.bastion_nsg_rule_inbound",
            "azurerm_resource_group.ajithrg1",
            "azurerm_subnet.bastionsubnet",
            "azurerm_virtual_network.vnet",
            "random_string.myrandom"
          ]
        }
      ]
    },
    {
      "mode": "managed",
      "type": "azurerm_subnet_network_security_group_association",
      "name": "db_subnet_nsg_association",
      "provider": "provider[\"registry.terraform.io/hashicorp/azurerm\"]",
      "instances": [
        {
          "schema_version": 0,
          "attributes": {
            "id": "/subscriptions/4477db70-a73b-4972-93d8-5feaed9f53b2/resourceGroups/hr-dev-ajithrg-ncwmqd/providers/Microsoft.Network/virtualNetworks/hr-dev-vnet/subnets/hr-dev-vnet-dbsubnet",
            "network_security_group_id": "/subscriptions/4477db70-a73b-4972-93d8-5feaed9f53b2/resourceGroups/hr-dev-ajithrg-ncwmqd/providers/Microsoft.Network/networkSecurityGroups/hr-dev-vnet-dbsubnet-nsg",
            "subnet_id": "/subscriptions/4477db70-a73b-4972-93d8-5feaed9f53b2/resourceGroups/hr-dev-ajithrg-ncwmqd/providers/Microsoft.Network/virtualNetworks/hr-dev-vnet/subnets/hr-dev-vnet-dbsubnet",
            "timeouts": null
          },
          "sensitive_attributes": [],
          "private": "eyJlMmJmYjczMC1lY2FhLTExZTYtOGY4OC0zNDM2M2JjN2M0YzAiOnsiY3JlYXRlIjoxODAwMDAwMDAwMDAwLCJkZWxldGUiOjE4MDAwMDAwMDAwMDAsInJlYWQiOjMwMDAwMDAwMDAwMCwidXBkYXRlIjoxODAwMDAwMDAwMDAwfX0=",
          "dependencies": [
            "azurerm_network_security_group.db_subnet_nsg",
            "azurerm_network_security_rule.db_nsg_rule_inbound",
            "azurerm_resource_group.ajithrg1",
            "azurerm_subnet.dbsubnet",
            "azurerm_virtual_network.vnet",
            "random_string.myrandom"
          ]
        }
      ]
    },
    {
      "mode": "managed",
      "type": "azurerm_subnet_network_security_group_association",
      "name": "web_subnet_nsg_association",
      "provider": "provider[\"registry.terraform.io/hashicorp/azurerm\"]",
      "instances": [
        {
          "schema_version": 0,
          "attributes": {
            "id": "/subscriptions/4477db70-a73b-4972-93d8-5feaed9f53b2/resourceGroups/hr-dev-ajithrg-ncwmqd/providers/Microsoft.Network/virtualNetworks/hr-dev-vnet/subnets/hr-dev-vnet-websubnet",
            "network_security_group_id": "/subscriptions/4477db70-a73b-4972-93d8-5feaed9f53b2/resourceGroups/hr-dev-ajithrg-ncwmqd/providers/Microsoft.Network/networkSecurityGroups/hr-dev-vnet-websubnet-nsg",
            "subnet_id": "/subscriptions/4477db70-a73b-4972-93d8-5feaed9f53b2/resourceGroups/hr-dev-ajithrg-ncwmqd/providers/Microsoft.Network/virtualNetworks/hr-dev-vnet/subnets/hr-dev-vnet-websubnet",
            "timeouts": null
          },
          "sensitive_attributes": [],
          "private": "eyJlMmJmYjczMC1lY2FhLTExZTYtOGY4OC0zNDM2M2JjN2M0YzAiOnsiY3JlYXRlIjoxODAwMDAwMDAwMDAwLCJkZWxldGUiOjE4MDAwMDAwMDAwMDAsInJlYWQiOjMwMDAwMDAwMDAwMCwidXBkYXRlIjoxODAwMDAwMDAwMDAwfX0=",
          "dependencies": [
            "azurerm_network_security_group.web_subnet_nsg",
            "azurerm_network_security_rule.web_nsg_rule_inbound",
            "azurerm_resource_group.ajithrg1",
            "azurerm_subnet.websubnet",
            "azurerm_virtual_network.vnet",
            "random_string.myrandom"
          ]
        }
      ]
    },
    {
      "mode": "managed",
      "type": "azurerm_virtual_network",
      "name": "vnet",
      "provider": "provider[\"registry.terraform.io/hashicorp/azurerm\"]",
      "instances": [
        {
          "schema_version": 0,
          "attributes": {
            "address_space": [
              "10.1.0.0/16"
            ],
            "bgp_community": "",
            "ddos_protection_plan": [],
            "dns_servers": [],
            "flow_timeout_in_minutes": 0,
            "guid": "a4b43ad8-0068-4508-98f3-7612a5a39646",
            "id": "/subscriptions/4477db70-a73b-4972-93d8-5feaed9f53b2/resourceGroups/hr-dev-ajithrg-ncwmqd/providers/Microsoft.Network/virtualNetworks/hr-dev-vnet",
            "location": "eastus",
            "name": "hr-dev-vnet",
            "resource_group_name": "hr-dev-ajithrg-ncwmqd",
            "subnet": [],
            "tags": {
              "environment": "dev",
              "owners": "hr"
            },
            "timeouts": null,
            "vm_protection_enabled": false
          },
          "sensitive_attributes": [],
          "private": "eyJlMmJmYjczMC1lY2FhLTExZTYtOGY4OC0zNDM2M2JjN2M0YzAiOnsiY3JlYXRlIjoxODAwMDAwMDAwMDAwLCJkZWxldGUiOjE4MDAwMDAwMDAwMDAsInJlYWQiOjMwMDAwMDAwMDAwMCwidXBkYXRlIjoxODAwMDAwMDAwMDAwfX0=",
          "dependencies": [
            "azurerm_resource_group.ajithrg1",
            "random_string.myrandom"
          ]
        }
      ]
    },
    {
      "mode": "managed",
      "type": "random_string",
      "name": "myrandom",
      "provider": "provider[\"registry.terraform.io/hashicorp/random\"]",
      "instances": [
        {
          "schema_version": 1,
          "attributes": {
            "id": "ncwmqd",
            "keepers": null,
            "length": 6,
            "lower": true,
            "min_lower": 0,
            "min_numeric": 0,
            "min_special": 0,
            "min_upper": 0,
            "number": false,
            "override_special": null,
            "result": "ncwmqd",
            "special": false,
            "upper": false
          },
          "sensitive_attributes": [],
          "private": "eyJzY2hlbWFfdmVyc2lvbiI6IjEifQ=="
        }
      ]
    }
  ]
}
