{
  "version": 4,
  "terraform_version": "1.0.11",
  "serial": 75,
  "lineage": "f9f9ca75-b4d7-1f34-8b58-75239acc0769",
  "outputs": {},
  "resources": [
    {
      "mode": "managed",
      "type": "azurerm_lb",
      "name": "web_lb",
      "provider": "provider[\"registry.terraform.io/hashicorp/azurerm\"]",
      "instances": [
        {
          "schema_version": 0,
          "attributes": {
            "frontend_ip_configuration": [
              {
                "availability_zone": "No-Zone",
                "gateway_load_balancer_frontend_ip_configuration_id": "",
                "id": "/subscriptions/4477db70-a73b-4972-93d8-5feaed9f53b2/resourceGroups/sap-dev-ajithrg-default-kuzdhb/providers/Microsoft.Network/loadBalancers/sap-dev-web-lb/frontendIPConfigurations/web-lb-public-ip-1",
                "inbound_nat_rules": [],
                "load_balancer_rules": [
                  "/subscriptions/4477db70-a73b-4972-93d8-5feaed9f53b2/resourceGroups/sap-dev-ajithrg-default-kuzdhb/providers/Microsoft.Network/loadBalancers/sap-dev-web-lb/loadBalancingRules/web-app1-rule"
                ],
                "name": "web-lb-public-ip-1",
                "outbound_rules": [],
                "private_ip_address": "",
                "private_ip_address_allocation": "Dynamic",
                "private_ip_address_version": "",
                "public_ip_address_id": "/subscriptions/4477db70-a73b-4972-93d8-5feaed9f53b2/resourceGroups/sap-dev-ajithrg-default-kuzdhb/providers/Microsoft.Network/publicIPAddresses/sap-dev-lbpublicip",
                "public_ip_prefix_id": "",
                "subnet_id": "",
                "zones": []
              }
            ],
            "id": "/subscriptions/4477db70-a73b-4972-93d8-5feaed9f53b2/resourceGroups/sap-dev-ajithrg-default-kuzdhb/providers/Microsoft.Network/loadBalancers/sap-dev-web-lb",
            "location": "eastus2",
            "name": "sap-dev-web-lb",
            "private_ip_address": "",
            "private_ip_addresses": [],
            "resource_group_name": "sap-dev-ajithrg-default-kuzdhb",
            "sku": "Standard",
            "sku_tier": "Regional",
            "tags": {},
            "timeouts": null
          },
          "sensitive_attributes": [],
          "private": "eyJlMmJmYjczMC1lY2FhLTExZTYtOGY4OC0zNDM2M2JjN2M0YzAiOnsiY3JlYXRlIjoxODAwMDAwMDAwMDAwLCJkZWxldGUiOjE4MDAwMDAwMDAwMDAsInJlYWQiOjMwMDAwMDAwMDAwMCwidXBkYXRlIjoxODAwMDAwMDAwMDAwfX0=",
          "dependencies": [
            "azurerm_public_ip.web_lbpublicip",
            "azurerm_resource_group.ajithrg1",
            "random_string.myrandom"
          ]
        }
      ]
    },
    {
      "mode": "managed",
      "type": "azurerm_lb_backend_address_pool",
      "name": "web_lb_backend_address_pool",
      "provider": "provider[\"registry.terraform.io/hashicorp/azurerm\"]",
      "instances": [
        {
          "schema_version": 0,
          "attributes": {
            "backend_address": [],
            "backend_ip_configurations": [
              "/subscriptions/4477db70-a73b-4972-93d8-5feaed9f53b2/resourceGroups/sap-dev-ajithrg-default-kuzdhb/providers/Microsoft.Network/networkInterfaces/sap-dev-web-linuxvm-nic/ipConfigurations/web-linuxvm-ip-1"
            ],
            "id": "/subscriptions/4477db70-a73b-4972-93d8-5feaed9f53b2/resourceGroups/sap-dev-ajithrg-default-kuzdhb/providers/Microsoft.Network/loadBalancers/sap-dev-web-lb/backendAddressPools/web-backend",
            "load_balancing_rules": [
              "/subscriptions/4477db70-a73b-4972-93d8-5feaed9f53b2/resourceGroups/sap-dev-ajithrg-default-kuzdhb/providers/Microsoft.Network/loadBalancers/sap-dev-web-lb/loadBalancingRules/web-app1-rule"
            ],
            "loadbalancer_id": "/subscriptions/4477db70-a73b-4972-93d8-5feaed9f53b2/resourceGroups/sap-dev-ajithrg-default-kuzdhb/providers/Microsoft.Network/loadBalancers/sap-dev-web-lb",
            "name": "web-backend",
            "outbound_rules": [],
            "resource_group_name": "sap-dev-ajithrg-default-kuzdhb",
            "timeouts": null,
            "tunnel_interface": []
          },
          "sensitive_attributes": [],
          "private": "eyJlMmJmYjczMC1lY2FhLTExZTYtOGY4OC0zNDM2M2JjN2M0YzAiOnsiY3JlYXRlIjoxODAwMDAwMDAwMDAwLCJkZWxldGUiOjE4MDAwMDAwMDAwMDAsInJlYWQiOjMwMDAwMDAwMDAwMCwidXBkYXRlIjoxODAwMDAwMDAwMDAwfX0=",
          "dependencies": [
            "azurerm_lb.web_lb",
            "azurerm_public_ip.web_lbpublicip",
            "azurerm_resource_group.ajithrg1",
            "random_string.myrandom"
          ]
        }
      ]
    },
    {
      "mode": "managed",
      "type": "azurerm_network_interface",
      "name": "web_linuxvm_nic",
      "provider": "provider[\"registry.terraform.io/hashicorp/azurerm\"]",
      "instances": [
        {
          "schema_version": 0,
          "attributes": {
            "applied_dns_servers": [],
            "dns_servers": [],
            "enable_accelerated_networking": false,
            "enable_ip_forwarding": false,
            "id": "/subscriptions/4477db70-a73b-4972-93d8-5feaed9f53b2/resourceGroups/sap-dev-ajithrg-default-kuzdhb/providers/Microsoft.Network/networkInterfaces/sap-dev-web-linuxvm-nic",
            "internal_dns_name_label": "",
            "internal_domain_name_suffix": "nhncvl01t1muzobtoiufycpvkf.cx.internal.cloudapp.net",
            "ip_configuration": [
              {
                "gateway_load_balancer_frontend_ip_configuration_id": "",
                "name": "web-linuxvm-ip-1",
                "primary": true,
                "private_ip_address": "10.0.1.4",
                "private_ip_address_allocation": "Dynamic",
                "private_ip_address_version": "IPv4",
                "public_ip_address_id": "/subscriptions/4477db70-a73b-4972-93d8-5feaed9f53b2/resourceGroups/sap-dev-ajithrg-default-kuzdhb/providers/Microsoft.Network/publicIPAddresses/sap-dev-web-linuxvm-publicip",
                "subnet_id": "/subscriptions/4477db70-a73b-4972-93d8-5feaed9f53b2/resourceGroups/sap-dev-ajithrg-default-kuzdhb/providers/Microsoft.Network/virtualNetworks/sap-dev-vnet_default/subnets/sap-dev-vnet_default-websubnet"
              }
            ],
            "location": "eastus2",
            "mac_address": "00-0D-3A-7A-BB-2B",
            "name": "sap-dev-web-linuxvm-nic",
            "private_ip_address": "10.0.1.4",
            "private_ip_addresses": [
              "10.0.1.4"
            ],
            "resource_group_name": "sap-dev-ajithrg-default-kuzdhb",
            "tags": {},
            "timeouts": null,
            "virtual_machine_id": "/subscriptions/4477db70-a73b-4972-93d8-5feaed9f53b2/resourceGroups/sap-dev-ajithrg-default-kuzdhb/providers/Microsoft.Compute/virtualMachines/sap-dev-web-linuxvm"
          },
          "sensitive_attributes": [],
          "private": "eyJlMmJmYjczMC1lY2FhLTExZTYtOGY4OC0zNDM2M2JjN2M0YzAiOnsiY3JlYXRlIjoxODAwMDAwMDAwMDAwLCJkZWxldGUiOjE4MDAwMDAwMDAwMDAsInJlYWQiOjMwMDAwMDAwMDAwMCwidXBkYXRlIjoxODAwMDAwMDAwMDAwfX0=",
          "dependencies": [
            "azurerm_public_ip.web_linuxvm_publicip",
            "azurerm_resource_group.ajithrg1",
            "azurerm_subnet.websubnet",
            "azurerm_virtual_network.vnet",
            "random_string.myrandom"
          ]
        }
      ]
    },
    {
      "mode": "managed",
      "type": "azurerm_network_interface_backend_address_pool_association",
      "name": "web_nic_lb_associate",
      "provider": "provider[\"registry.terraform.io/hashicorp/azurerm\"]",
      "instances": [
        {
          "schema_version": 0,
          "attributes": {
            "backend_address_pool_id": "/subscriptions/4477db70-a73b-4972-93d8-5feaed9f53b2/resourceGroups/sap-dev-ajithrg-default-kuzdhb/providers/Microsoft.Network/loadBalancers/sap-dev-web-lb/backendAddressPools/web-backend",
            "id": "/subscriptions/4477db70-a73b-4972-93d8-5feaed9f53b2/resourceGroups/sap-dev-ajithrg-default-kuzdhb/providers/Microsoft.Network/networkInterfaces/sap-dev-web-linuxvm-nic/ipConfigurations/web-linuxvm-ip-1|/subscriptions/4477db70-a73b-4972-93d8-5feaed9f53b2/resourceGroups/sap-dev-ajithrg-default-kuzdhb/providers/Microsoft.Network/loadBalancers/sap-dev-web-lb/backendAddressPools/web-backend",
            "ip_configuration_name": "web-linuxvm-ip-1",
            "network_interface_id": "/subscriptions/4477db70-a73b-4972-93d8-5feaed9f53b2/resourceGroups/sap-dev-ajithrg-default-kuzdhb/providers/Microsoft.Network/networkInterfaces/sap-dev-web-linuxvm-nic",
            "timeouts": null
          },
          "sensitive_attributes": [],
          "private": "eyJlMmJmYjczMC1lY2FhLTExZTYtOGY4OC0zNDM2M2JjN2M0YzAiOnsiY3JlYXRlIjoxODAwMDAwMDAwMDAwLCJkZWxldGUiOjE4MDAwMDAwMDAwMDAsInJlYWQiOjMwMDAwMDAwMDAwMCwidXBkYXRlIjoxODAwMDAwMDAwMDAwfX0=",
          "dependencies": [
            "azurerm_subnet.websubnet",
            "azurerm_virtual_network.vnet",
            "azurerm_lb.web_lb",
            "azurerm_lb_backend_address_pool.web_lb_backend_address_pool",
            "azurerm_public_ip.web_lbpublicip",
            "random_string.myrandom",
            "azurerm_network_interface.web_linuxvm_nic",
            "azurerm_public_ip.web_linuxvm_publicip",
            "azurerm_resource_group.ajithrg1"
          ]
        }
      ]
    },
    {
      "mode": "managed",
      "type": "azurerm_public_ip",
      "name": "web_lbpublicip",
      "provider": "provider[\"registry.terraform.io/hashicorp/azurerm\"]",
      "instances": [
        {
          "schema_version": 0,
          "attributes": {
            "allocation_method": "Static",
            "availability_zone": "Zone-Redundant",
            "domain_name_label": null,
            "fqdn": null,
            "id": "/subscriptions/4477db70-a73b-4972-93d8-5feaed9f53b2/resourceGroups/sap-dev-ajithrg-default-kuzdhb/providers/Microsoft.Network/publicIPAddresses/sap-dev-lbpublicip",
            "idle_timeout_in_minutes": 4,
            "ip_address": "52.167.10.194",
            "ip_tags": {},
            "ip_version": "IPv4",
            "location": "eastus2",
            "name": "sap-dev-lbpublicip",
            "public_ip_prefix_id": null,
            "resource_group_name": "sap-dev-ajithrg-default-kuzdhb",
            "reverse_fqdn": null,
            "sku": "Standard",
            "sku_tier": "Regional",
            "tags": {},
            "timeouts": null,
            "zones": []
          },
          "sensitive_attributes": [],
          "private": "eyJlMmJmYjczMC1lY2FhLTExZTYtOGY4OC0zNDM2M2JjN2M0YzAiOnsiY3JlYXRlIjoxODAwMDAwMDAwMDAwLCJkZWxldGUiOjE4MDAwMDAwMDAwMDAsInJlYWQiOjMwMDAwMDAwMDAwMCwidXBkYXRlIjoxODAwMDAwMDAwMDAwfX0=",
          "dependencies": [
            "random_string.myrandom",
            "azurerm_resource_group.ajithrg1"
          ]
        }
      ]
    },
    {
      "mode": "managed",
      "type": "azurerm_public_ip",
      "name": "web_linuxvm_publicip",
      "provider": "provider[\"registry.terraform.io/hashicorp/azurerm\"]",
      "instances": [
        {
          "schema_version": 0,
          "attributes": {
            "allocation_method": "Static",
            "availability_zone": "Zone-Redundant",
            "domain_name_label": null,
            "fqdn": null,
            "id": "/subscriptions/4477db70-a73b-4972-93d8-5feaed9f53b2/resourceGroups/sap-dev-ajithrg-default-kuzdhb/providers/Microsoft.Network/publicIPAddresses/sap-dev-web-linuxvm-publicip",
            "idle_timeout_in_minutes": 4,
            "ip_address": "52.167.10.42",
            "ip_tags": {},
            "ip_version": "IPv4",
            "location": "eastus2",
            "name": "sap-dev-web-linuxvm-publicip",
            "public_ip_prefix_id": null,
            "resource_group_name": "sap-dev-ajithrg-default-kuzdhb",
            "reverse_fqdn": null,
            "sku": "Standard",
            "sku_tier": "Regional",
            "tags": {},
            "timeouts": null,
            "zones": []
          },
          "sensitive_attributes": [],
          "private": "eyJlMmJmYjczMC1lY2FhLTExZTYtOGY4OC0zNDM2M2JjN2M0YzAiOnsiY3JlYXRlIjoxODAwMDAwMDAwMDAwLCJkZWxldGUiOjE4MDAwMDAwMDAwMDAsInJlYWQiOjMwMDAwMDAwMDAwMCwidXBkYXRlIjoxODAwMDAwMDAwMDAwfX0=",
          "dependencies": [
            "azurerm_resource_group.ajithrg1",
            "random_string.myrandom"
          ]
        }
      ]
    },
    {
      "mode": "managed",
      "type": "azurerm_resource_group",
      "name": "ajithrg1",
      "provider": "provider[\"registry.terraform.io/hashicorp/azurerm\"]",
      "instances": [
        {
          "schema_version": 0,
          "attributes": {
            "id": "/subscriptions/4477db70-a73b-4972-93d8-5feaed9f53b2/resourceGroups/sap-dev-ajithrg-default-kuzdhb",
            "location": "eastus2",
            "name": "sap-dev-ajithrg-default-kuzdhb",
            "tags": {
              "environment": "dev",
              "owners": "sap"
            },
            "timeouts": null
          },
          "sensitive_attributes": [],
          "private": "eyJlMmJmYjczMC1lY2FhLTExZTYtOGY4OC0zNDM2M2JjN2M0YzAiOnsiY3JlYXRlIjo1NDAwMDAwMDAwMDAwLCJkZWxldGUiOjU0MDAwMDAwMDAwMDAsInJlYWQiOjMwMDAwMDAwMDAwMCwidXBkYXRlIjo1NDAwMDAwMDAwMDAwfX0=",
          "dependencies": [
            "random_string.myrandom"
          ]
        }
      ]
    },
    {
      "mode": "managed",
      "type": "azurerm_subnet",
      "name": "websubnet",
      "provider": "provider[\"registry.terraform.io/hashicorp/azurerm\"]",
      "instances": [
        {
          "schema_version": 0,
          "attributes": {
            "address_prefix": "10.0.1.0/24",
            "address_prefixes": [
              "10.0.1.0/24"
            ],
            "delegation": [],
            "enforce_private_link_endpoint_network_policies": false,
            "enforce_private_link_service_network_policies": false,
            "id": "/subscriptions/4477db70-a73b-4972-93d8-5feaed9f53b2/resourceGroups/sap-dev-ajithrg-default-kuzdhb/providers/Microsoft.Network/virtualNetworks/sap-dev-vnet_default/subnets/sap-dev-vnet_default-websubnet",
            "name": "sap-dev-vnet_default-websubnet",
            "resource_group_name": "sap-dev-ajithrg-default-kuzdhb",
            "service_endpoint_policy_ids": [],
            "service_endpoints": [],
            "timeouts": null,
            "virtual_network_name": "sap-dev-vnet_default"
          },
          "sensitive_attributes": [],
          "private": "eyJlMmJmYjczMC1lY2FhLTExZTYtOGY4OC0zNDM2M2JjN2M0YzAiOnsiY3JlYXRlIjoxODAwMDAwMDAwMDAwLCJkZWxldGUiOjE4MDAwMDAwMDAwMDAsInJlYWQiOjMwMDAwMDAwMDAwMCwidXBkYXRlIjoxODAwMDAwMDAwMDAwfX0=",
          "dependencies": [
            "azurerm_resource_group.ajithrg1",
            "azurerm_virtual_network.vnet",
            "random_string.myrandom"
          ]
        }
      ]
    },
    {
      "mode": "managed",
      "type": "azurerm_virtual_network",
      "name": "vnet",
      "provider": "provider[\"registry.terraform.io/hashicorp/azurerm\"]",
      "instances": [
        {
          "schema_version": 0,
          "attributes": {
            "address_space": [
              "10.0.0.0/16"
            ],
            "bgp_community": "",
            "ddos_protection_plan": [],
            "dns_servers": [],
            "flow_timeout_in_minutes": 0,
            "guid": "af2ada69-9e5b-4cd9-b833-72285c09f555",
            "id": "/subscriptions/4477db70-a73b-4972-93d8-5feaed9f53b2/resourceGroups/sap-dev-ajithrg-default-kuzdhb/providers/Microsoft.Network/virtualNetworks/sap-dev-vnet_default",
            "location": "eastus2",
            "name": "sap-dev-vnet_default",
            "resource_group_name": "sap-dev-ajithrg-default-kuzdhb",
            "subnet": [
              {
                "address_prefix": "10.0.1.0/24",
                "id": "/subscriptions/4477db70-a73b-4972-93d8-5feaed9f53b2/resourceGroups/sap-dev-ajithrg-default-kuzdhb/providers/Microsoft.Network/virtualNetworks/sap-dev-vnet_default/subnets/sap-dev-vnet_default-websubnet",
                "name": "sap-dev-vnet_default-websubnet",
                "security_group": "/subscriptions/4477db70-a73b-4972-93d8-5feaed9f53b2/resourceGroups/sap-dev-ajithrg-default-kuzdhb/providers/Microsoft.Network/networkSecurityGroups/sap-dev-vnet_default-websubnet-nsg"
              },
              {
                "address_prefix": "10.0.100.0/24",
                "id": "/subscriptions/4477db70-a73b-4972-93d8-5feaed9f53b2/resourceGroups/sap-dev-ajithrg-default-kuzdhb/providers/Microsoft.Network/virtualNetworks/sap-dev-vnet_default/subnets/sap-dev-vnet_default-bastionsubnet",
                "name": "sap-dev-vnet_default-bastionsubnet",
                "security_group": "/subscriptions/4477db70-a73b-4972-93d8-5feaed9f53b2/resourceGroups/sap-dev-ajithrg-default-kuzdhb/providers/Microsoft.Network/networkSecurityGroups/sap-dev-vnet_default-bastionsubnet-nsg"
              },
              {
                "address_prefix": "10.0.11.0/24",
                "id": "/subscriptions/4477db70-a73b-4972-93d8-5feaed9f53b2/resourceGroups/sap-dev-ajithrg-default-kuzdhb/providers/Microsoft.Network/virtualNetworks/sap-dev-vnet_default/subnets/sap-dev-vnet_default-appsubnet",
                "name": "sap-dev-vnet_default-appsubnet",
                "security_group": "/subscriptions/4477db70-a73b-4972-93d8-5feaed9f53b2/resourceGroups/sap-dev-ajithrg-default-kuzdhb/providers/Microsoft.Network/networkSecurityGroups/sap-dev-vnet_default-appsubnet-nsg"
              },
              {
                "address_prefix": "10.0.21.0/24",
                "id": "/subscriptions/4477db70-a73b-4972-93d8-5feaed9f53b2/resourceGroups/sap-dev-ajithrg-default-kuzdhb/providers/Microsoft.Network/virtualNetworks/sap-dev-vnet_default/subnets/sap-dev-vnet_default-dbsubnet",
                "name": "sap-dev-vnet_default-dbsubnet",
                "security_group": "/subscriptions/4477db70-a73b-4972-93d8-5feaed9f53b2/resourceGroups/sap-dev-ajithrg-default-kuzdhb/providers/Microsoft.Network/networkSecurityGroups/sap-dev-vnet_default-dbsubnet-nsg"
              }
            ],
            "tags": {
              "environment": "dev",
              "owners": "sap"
            },
            "timeouts": null,
            "vm_protection_enabled": false
          },
          "sensitive_attributes": [],
          "private": "eyJlMmJmYjczMC1lY2FhLTExZTYtOGY4OC0zNDM2M2JjN2M0YzAiOnsiY3JlYXRlIjoxODAwMDAwMDAwMDAwLCJkZWxldGUiOjE4MDAwMDAwMDAwMDAsInJlYWQiOjMwMDAwMDAwMDAwMCwidXBkYXRlIjoxODAwMDAwMDAwMDAwfX0=",
          "dependencies": [
            "azurerm_resource_group.ajithrg1",
            "random_string.myrandom"
          ]
        }
      ]
    },
    {
      "mode": "managed",
      "type": "random_string",
      "name": "myrandom",
      "provider": "provider[\"registry.terraform.io/hashicorp/random\"]",
      "instances": [
        {
          "schema_version": 1,
          "attributes": {
            "id": "kuzdhb",
            "keepers": null,
            "length": 6,
            "lower": true,
            "min_lower": 0,
            "min_numeric": 0,
            "min_special": 0,
            "min_upper": 0,
            "number": false,
            "override_special": null,
            "result": "kuzdhb",
            "special": false,
            "upper": false
          },
          "sensitive_attributes": [],
          "private": "eyJzY2hlbWFfdmVyc2lvbiI6IjEifQ=="
        }
      ]
    }
  ]
}
